
Microsoft Visual Studio Solution File, Format Version 12.00
# Visual Studio 2012
Project("{FAE04EC0-301F-11D3-BF4B-00C04F79EFBC}") = "TypeSystemExplorer", "TypeSystemExplorer\TypeSystemExplorer.csproj", "{69DAEAB3-21CE-4B17-92C8-1D62F6F589EC}"
EndProject
Project("{FAE04EC0-301F-11D3-BF4B-00C04F79EFBC}") = "Clifton.SemanticTypeSystem", "Clifton.SemanticTypeSystem\Clifton.SemanticTypeSystem.csproj", "{90A2EFB2-3EA4-4FEB-A21E-4AE15B3EC82B}"
EndProject
Project("{FAE04EC0-301F-11D3-BF4B-00C04F79EFBC}") = "WinFormsUI", "Clifton.DockableWindows\WinFormsUI\WinFormsUI.csproj", "{C75532C4-765B-418E-B09B-46D36B2ABDB1}"
EndProject
Project("{FAE04EC0-301F-11D3-BF4B-00C04F79EFBC}") = "lib", "lib\lib.csproj", "{D1627A50-1C2B-4E28-AC6C-AB437B0138B4}"
EndProject
Project("{FAE04EC0-301F-11D3-BF4B-00C04F79EFBC}") = "Clifton.SemanticTypeSystem.Interfaces", "Clifton.SemanticTypeSystem.Interfaces\Clifton.SemanticTypeSystem.Interfaces.csproj", "{1FB6A5D3-6CDA-4262-A40C-D4724BA5E2E1}"
EndProject
Project("{FAE04EC0-301F-11D3-BF4B-00C04F79EFBC}") = "Clifton.Receptor", "Clifton.Receptor\Clifton.Receptor.csproj", "{4FB0E76A-8D46-402E-818C-0E1B70376BDF}"
EndProject
Project("{FAE04EC0-301F-11D3-BF4B-00C04F79EFBC}") = "Clifton.Receptor.Interfaces", "Clifton.Receptor.Interfaces\Clifton.Receptor.Interfaces.csproj", "{6873FE54-25CA-4C2F-BF91-FC10993F8F50}"
EndProject
Project("{2150E333-8FDC-42A3-9474-1A3956D46DE8}") = "Receptors", "Receptors", "{353CC75F-6C73-4C52-8B45-142D3569C056}"
EndProject
Project("{FAE04EC0-301F-11D3-BF4B-00C04F79EFBC}") = "HelloWorldReceptor", "Receptors\HelloWorldReceptor\HelloWorldReceptor.csproj", "{B29B5257-F26E-4123-AEB8-7CB377E63900}"
EndProject
Project("{FAE04EC0-301F-11D3-BF4B-00C04F79EFBC}") = "LoggingReceptor", "Receptors\LoggingReceptor\LoggingReceptor.csproj", "{BFD74555-211A-4E90-8C12-08EEDAD921F1}"
EndProject
Project("{FAE04EC0-301F-11D3-BF4B-00C04F79EFBC}") = "ThumbnailCreatorReceptor", "Receptors\ThumbnailCreatorReceptor\ThumbnailCreatorReceptor.csproj", "{8B07E0F6-93F5-42B3-B7CF-A8C80CD52FE3}"
EndProject
Project("{FAE04EC0-301F-11D3-BF4B-00C04F79EFBC}") = "ThumbnailViewerReceptor", "Receptors\ThumbnailViewerReceptor\ThumbnailViewerReceptor.csproj", "{3EBDDDB8-741E-4A6A-83BC-8483A491EC55}"
EndProject
Project("{FAE04EC0-301F-11D3-BF4B-00C04F79EFBC}") = "ImageWriterReceptor", "Receptors\ImageWriterReceptor\ImageWriterReceptor.csproj", "{3A6234CE-482F-4E08-A5ED-7BDC0884222F}"
EndProject
Project("{FAE04EC0-301F-11D3-BF4B-00C04F79EFBC}") = "ZipCodeReceptor", "Receptors\ZipCodeReceptor\ZipCodeReceptor.csproj", "{C8F6BB36-59BC-429F-934E-22CC587FA15D}"
EndProject
Project("{FAE04EC0-301F-11D3-BF4B-00C04F79EFBC}") = "ZipCodeService", "ZipCodeService\ZipCodeService.csproj", "{230F2728-8A06-4D69-B2F4-4BE58C1939B8}"
EndProject
Project("{FAE04EC0-301F-11D3-BF4B-00C04F79EFBC}") = "WeatherService", "WeatherService\WeatherService.csproj", "{56D7E4D2-E6FA-4716-A9C6-F141BF8AF50E}"
EndProject
Project("{FAE04EC0-301F-11D3-BF4B-00C04F79EFBC}") = "WeatherServiceReceptor", "Receptors\WeatherServiceReceptor\WeatherServiceReceptor.csproj", "{0FF77BEF-9178-4490-9214-505DB6CC943A}"
EndProject
Project("{FAE04EC0-301F-11D3-BF4B-00C04F79EFBC}") = "CarrierExporterReceptor", "Receptors\CarrierExporterReceptor\CarrierExporterReceptor.csproj", "{A0349336-188C-40D5-9F48-26F9B7692CCB}"
EndProject
Project("{FAE04EC0-301F-11D3-BF4B-00C04F79EFBC}") = "TextToSpeechReceptor", "Receptors\TextToSpeechReceptor\TextToSpeechReceptor.csproj", "{500AFC49-CADF-443E-8021-D4AD1C9CFD27}"
EndProject
Project("{FAE04EC0-301F-11D3-BF4B-00C04F79EFBC}") = "WeatherInfoReceptor", "Receptors\WeatherInfoReceptor\WeatherInfoReceptor.csproj", "{20329151-4088-4B94-BCFE-373A3221A0ED}"
EndProject
Project("{FAE04EC0-301F-11D3-BF4B-00C04F79EFBC}") = "TimerReceptor", "Receptors\TimerReceptor\TimerReceptor.csproj", "{307AFC44-3F64-407C-B7BB-1375894D4185}"
EndProject
Project("{FAE04EC0-301F-11D3-BF4B-00C04F79EFBC}") = "PersistenceReceptor", "Receptors\PersistenceReceptor\PersistenceReceptor.csproj", "{7B667EDC-50A3-4B70-8638-9223D73FA19D}"
EndProject
Project("{FAE04EC0-301F-11D3-BF4B-00C04F79EFBC}") = "APODScraperReceptor", "Receptors\APODScraperReceptor\APODScraperReceptor.csproj", "{DA661AD0-9E17-44A4-AD12-0AF92B413B8F}"
EndProject
Project("{FAE04EC0-301F-11D3-BF4B-00C04F79EFBC}") = "WebPageScraperReceptor", "Receptors\WebPageScraperReceptor\WebPageScraperReceptor.csproj", "{CFDB7A31-7A71-41ED-8169-E223914E1FEB}"
EndProject
Project("{FAE04EC0-301F-11D3-BF4B-00C04F79EFBC}") = "APODEventGeneratorReceptor", "Receptors\APODEventGeneratorReceptor\APODEventGeneratorReceptor.csproj", "{2824028E-FD24-4BA5-98F4-EC73B943289A}"
EndProject
Project("{FAE04EC0-301F-11D3-BF4B-00C04F79EFBC}") = "ImageViewerReceptor", "Receptors\ImageViewerReceptor\ImageViewerReceptor.csproj", "{5FF6D8CA-734A-42D6-AF51-0D03789DABCE}"
EndProject
Project("{FAE04EC0-301F-11D3-BF4B-00C04F79EFBC}") = "TextDisplayReceptor", "Receptors\TextDisplayReceptor\TextDisplayReceptor.csproj", "{6B06A54A-E64A-4698-9BAD-94B4A82C1CFC}"
EndProject
Project("{FAE04EC0-301F-11D3-BF4B-00C04F79EFBC}") = "UrlReceptor", "Receptors\UrlReceptor\UrlReceptor.csproj", "{5F9D0834-72E3-417D-856A-D0AC33D4737A}"
EndProject
Project("{FAE04EC0-301F-11D3-BF4B-00C04F79EFBC}") = "SearchForReceptor", "Receptors\SearchForReceptor\SearchForReceptor.csproj", "{D6B3BBCD-F921-4D3B-8719-7734AAFBF5F5}"
EndProject
Project("{2150E333-8FDC-42A3-9474-1A3956D46DE8}") = "HuntTheWumpus", "HuntTheWumpus", "{506755B2-C383-43B7-8FE2-22DFE54CC9C5}"
EndProject
Project("{FAE04EC0-301F-11D3-BF4B-00C04F79EFBC}") = "CaveReceptor", "Receptors\HuntTheWumpus\CaveReceptor\CaveReceptor.csproj", "{0464CC7F-D2A8-44DC-A9DE-9C71059B7C19}"
EndProject
Project("{FAE04EC0-301F-11D3-BF4B-00C04F79EFBC}") = "CaveConfigurationReceptor", "Receptors\HuntTheWumpus\CaveConfigurationReceptor\CaveConfigurationReceptor.csproj", "{F2C98769-791A-4365-B2C4-4795C40331CB}"
EndProject
Project("{FAE04EC0-301F-11D3-BF4B-00C04F79EFBC}") = "PlayerReceptor", "Receptors\HuntTheWumpus\PlayerReceptor\PlayerReceptor.csproj", "{44CB5113-124A-442B-853D-4458FD28044B}"
EndProject
Project("{2150E333-8FDC-42A3-9474-1A3956D46DE8}") = "NLP", "NLP", "{2D4E4A24-8742-4E73-AEC7-C097CEB67D8B}"
EndProject
Project("{2150E333-8FDC-42A3-9474-1A3956D46DE8}") = "RSS", "RSS", "{AF0EDCA3-8C66-49AE-88EB-3BCBA8364453}"
EndProject
Project("{FAE04EC0-301F-11D3-BF4B-00C04F79EFBC}") = "FeedReaderReceptor", "Receptors\RSS\FeedReaderReceptor\FeedReaderReceptor.csproj", "{A2102521-9032-4060-A807-69EF2D2E5F40}"
EndProject
Project("{FAE04EC0-301F-11D3-BF4B-00C04F79EFBC}") = "FeedItemListReceptor", "Receptors\RSS\FeedItemListReceptor\FeedItemListReceptor.csproj", "{F12C1FAC-7A61-4673-839D-B410EDEDF29A}"
EndProject
Project("{FAE04EC0-301F-11D3-BF4B-00C04F79EFBC}") = "AlchemyReceptor", "Receptors\NLP\AlchemyReceptor\AlchemyReceptor.csproj", "{FD4D3BC6-963D-48DF-8442-B80E67FDEF90}"
EndProject
Project("{FAE04EC0-301F-11D3-BF4B-00C04F79EFBC}") = "AlchemyAPI", "Receptors\NLP\AlchemyAPI\AlchemyAPI.csproj", "{4F4F2005-D804-46B3-8FEB-FB11F16C8DA9}"
EndProject
Project("{FAE04EC0-301F-11D3-BF4B-00C04F79EFBC}") = "NlpViewerReceptor", "Receptors\NLP\NlpViewerReceptor\NlpViewerReceptor.csproj", "{8CBBFB97-FC8C-4E6C-A842-D97B2F985886}"
EndProject
Project("{2150E333-8FDC-42A3-9474-1A3956D46DE8}") = "ReceptorTemplate", "ReceptorTemplate", "{33AD5BC5-161A-483A-8082-1A10283FA4A4}"
EndProject
Project("{FAE04EC0-301F-11D3-BF4B-00C04F79EFBC}") = "ReceptorTemplate", "Receptors\ReceptorTemplate\ReceptorTemplate\ReceptorTemplate.csproj", "{6903DA44-5963-4BC5-8AC9-43D9DCF74368}"
EndProject
Project("{FAE04EC0-301F-11D3-BF4B-00C04F79EFBC}") = "TabbedDataTableReceptor", "Receptors\TabbedDataTableReceptor\TabbedDataTableReceptor.csproj", "{B8C25E52-C080-4FE7-BD6F-7689483DC6DF}"
EndProject
Project("{FAE04EC0-301F-11D3-BF4B-00C04F79EFBC}") = "LastDayWeekMonthSearchReceptor", "Receptors\LastDayWeekMonthSearchReceptor\LastDayWeekMonthSearchReceptor.csproj", "{CFF1F870-51AC-4D01-A36F-A87CA191C97E}"
EndProject
Project("{FAE04EC0-301F-11D3-BF4B-00C04F79EFBC}") = "CarrierListViewerReceptor", "Receptors\CarrierListViewerReceptor\CarrierListViewerReceptor.csproj", "{9463716C-DC47-4740-BB6F-B5A6DAB5E93F}"
EndProject
Project("{FAE04EC0-301F-11D3-BF4B-00C04F79EFBC}") = "CarrierTabbedListViewerReceptor", "Receptors\CarrierTabbedListViewerReceptor\CarrierTabbedListViewerReceptor.csproj", "{EBA18EAA-3DE8-49AB-8714-75DA369ED038}"
EndProject
Project("{FAE04EC0-301F-11D3-BF4B-00C04F79EFBC}") = "FilterReceptor", "Receptors\FilterReceptor\FilterReceptor.csproj", "{B9B85C6C-F56A-4937-A32B-24A935C598C9}"
EndProject
Project("{FAE04EC0-301F-11D3-BF4B-00C04F79EFBC}") = "ExceptionReceptor", "Receptors\ExceptionReceptor\ExceptionReceptor.csproj", "{1A5BE1E3-2E23-4D24-A97E-9E864574B700}"
EndProject
Project("{FAE04EC0-301F-11D3-BF4B-00C04F79EFBC}") = "OpenCalais", "Receptors\NLP\OpenCalais\OpenCalais.csproj", "{C8B82F49-E743-4CF5-AD42-48002F8052C9}"
EndProject
Project("{2150E333-8FDC-42A3-9474-1A3956D46DE8}") = "Fun Stuff", "Fun Stuff", "{8DC3044E-6393-4EC4-8417-9C72A3AAAA1D}"
EndProject
Project("{FAE04EC0-301F-11D3-BF4B-00C04F79EFBC}") = "DayGreeterReceptor", "Receptors\Fun Stuff\DayGreeterReceptor\DayGreeterReceptor.csproj", "{508C5479-0AC0-4745-AA00-28DED2D88D5C}"
EndProject
Project("{FAE04EC0-301F-11D3-BF4B-00C04F79EFBC}") = "XTreeInterfaces", "XTreeInterfaces\XTreeInterfaces.csproj", "{A26A25AA-8DA4-45B1-8935-D0407C47F2EA}"
EndProject
Project("{FAE04EC0-301F-11D3-BF4B-00C04F79EFBC}") = "XTree", "XTree\XTree.csproj", "{F739A9CD-402D-4E1E-A839-01E5418AC9AA}"
EndProject
Project("{FAE04EC0-301F-11D3-BF4B-00C04F79EFBC}") = "Clifton.Windows.Forms", "Clifton.Windows.Forms\Clifton.Windows.Forms.csproj", "{CBFB7124-EB66-4A40-8D87-D8AEB13B4128}"
EndProject
Project("{2150E333-8FDC-42A3-9474-1A3956D46DE8}") = "Web", "Web", "{F32193E2-3FC4-4319-8D90-14110182B285}"
EndProject
Project("{FAE04EC0-301F-11D3-BF4B-00C04F79EFBC}") = "WebBrowserReceptor", "Receptors\Web\WebBrowserReceptor\WebBrowserReceptor.csproj", "{56716AE8-C810-4124-9FB1-CD80E234968A}"
EndProject
Project("{FAE04EC0-301F-11D3-BF4B-00C04F79EFBC}") = "SemanticDatabaseReceptor", "Receptors\SemanticDatabaseReceptor\SemanticDatabaseReceptor.csproj", "{E1F27445-0708-4BAE-AB9F-FD871787AFC8}"
EndProject
Project("{2150E333-8FDC-42A3-9474-1A3956D46DE8}") = "UnitTests", "UnitTests", "{9B959A94-4709-48DA-A752-73669BF3DAF3}"
EndProject
Project("{FAE04EC0-301F-11D3-BF4B-00C04F79EFBC}") = "SemanticDatabaseTests", "UnitTests\SemanticDatabaseTests\SemanticDatabaseTests.csproj", "{79531EAC-B55B-4D86-A39F-9046B903A07C}"
EndProject
Project("{FAE04EC0-301F-11D3-BF4B-00C04F79EFBC}") = "SignalCreatorReceptor", "Receptors\SignalCreatorReceptor\SignalCreatorReceptor.csproj", "{ADA06298-CC28-49FF-B98E-20663EAFC14C}"
EndProject
Project("{FAE04EC0-301F-11D3-BF4B-00C04F79EFBC}") = "UiHelpers", "Receptors\UiHelpers\UiHelpers.csproj", "{2184B37E-3CF1-4E3B-B42B-71A3EB0497A8}"
EndProject
Project("{2150E333-8FDC-42A3-9474-1A3956D46DE8}") = "Social Media", "Social Media", "{72DDB4AE-1066-4AE3-9581-B349420E1883}"
EndProject
Project("{FAE04EC0-301F-11D3-BF4B-00C04F79EFBC}") = "LinkedIn.NET", "LinkedIn.NET\LinkedIn.NET.csproj", "{C12B4091-06E9-4C73-A2C3-D7755AD4D516}"
EndProject
Project("{FAE04EC0-301F-11D3-BF4B-00C04F79EFBC}") = "LinkedInReceptor", "Receptors\Social Media\LinkedInReceptor\LinkedInReceptor.csproj", "{183313F4-D67C-47BD-BD6D-90F14075AABD}"
EndProject
Project("{FAE04EC0-301F-11D3-BF4B-00C04F79EFBC}") = "Hope.Interfaces", "Hope.Interfaces\Hope.Interfaces.csproj", "{72FD9CF2-5352-4926-90F3-A955F8E18C42}"
EndProject
Project("{FAE04EC0-301F-11D3-BF4B-00C04F79EFBC}") = "WeatherRadarScraperReceptor", "Receptors\WeatherRadarScraperReceptor\WeatherRadarScraperReceptor.csproj", "{CB000FBA-53B3-4D80-8CA7-754405454778}"
EndProject
Project("{FAE04EC0-301F-11D3-BF4B-00C04F79EFBC}") = "CarrierTreeViewerReceptor", "Receptors\CarrierTreeViewerReceptor\CarrierTreeViewerReceptor.csproj", "{D3995898-6EB0-4521-A08B-6CE53AFFFD80}"
EndProject
Project("{FAE04EC0-301F-11D3-BF4B-00C04F79EFBC}") = "TextFileLoaderReceptor", "Receptors\TextFileLoaderReceptor\TextFileLoaderReceptor.csproj", "{E786DBFB-4D51-4047-855E-0E96FF147F0C}"
EndProject
Global
	GlobalSection(SolutionConfigurationPlatforms) = preSolution
		Debug|Any CPU = Debug|Any CPU
		Debug|x86 = Debug|x86
		Release|Any CPU = Release|Any CPU
		Release|x86 = Release|x86
	EndGlobalSection
	GlobalSection(ProjectConfigurationPlatforms) = postSolution
		{69DAEAB3-21CE-4B17-92C8-1D62F6F589EC}.Debug|Any CPU.ActiveCfg = Debug|Any CPU
		{69DAEAB3-21CE-4B17-92C8-1D62F6F589EC}.Debug|Any CPU.Build.0 = Debug|Any CPU
		{69DAEAB3-21CE-4B17-92C8-1D62F6F589EC}.Debug|x86.ActiveCfg = Debug|Any CPU
		{69DAEAB3-21CE-4B17-92C8-1D62F6F589EC}.Release|Any CPU.ActiveCfg = Release|Any CPU
		{69DAEAB3-21CE-4B17-92C8-1D62F6F589EC}.Release|Any CPU.Build.0 = Release|Any CPU
		{69DAEAB3-21CE-4B17-92C8-1D62F6F589EC}.Release|x86.ActiveCfg = Release|Any CPU
		{90A2EFB2-3EA4-4FEB-A21E-4AE15B3EC82B}.Debug|Any CPU.ActiveCfg = Debug|Any CPU
		{90A2EFB2-3EA4-4FEB-A21E-4AE15B3EC82B}.Debug|Any CPU.Build.0 = Debug|Any CPU
		{90A2EFB2-3EA4-4FEB-A21E-4AE15B3EC82B}.Debug|x86.ActiveCfg = Debug|Any CPU
		{90A2EFB2-3EA4-4FEB-A21E-4AE15B3EC82B}.Release|Any CPU.ActiveCfg = Release|Any CPU
		{90A2EFB2-3EA4-4FEB-A21E-4AE15B3EC82B}.Release|Any CPU.Build.0 = Release|Any CPU
		{90A2EFB2-3EA4-4FEB-A21E-4AE15B3EC82B}.Release|x86.ActiveCfg = Release|Any CPU
		{C75532C4-765B-418E-B09B-46D36B2ABDB1}.Debug|Any CPU.ActiveCfg = Debug|Any CPU
		{C75532C4-765B-418E-B09B-46D36B2ABDB1}.Debug|Any CPU.Build.0 = Debug|Any CPU
		{C75532C4-765B-418E-B09B-46D36B2ABDB1}.Debug|x86.ActiveCfg = Debug|x86
		{C75532C4-765B-418E-B09B-46D36B2ABDB1}.Debug|x86.Build.0 = Debug|x86
		{C75532C4-765B-418E-B09B-46D36B2ABDB1}.Release|Any CPU.ActiveCfg = Release|Any CPU
		{C75532C4-765B-418E-B09B-46D36B2ABDB1}.Release|Any CPU.Build.0 = Release|Any CPU
		{C75532C4-765B-418E-B09B-46D36B2ABDB1}.Release|x86.ActiveCfg = Release|x86
		{C75532C4-765B-418E-B09B-46D36B2ABDB1}.Release|x86.Build.0 = Release|x86
		{D1627A50-1C2B-4E28-AC6C-AB437B0138B4}.Debug|Any CPU.ActiveCfg = Debug|Any CPU
		{D1627A50-1C2B-4E28-AC6C-AB437B0138B4}.Debug|Any CPU.Build.0 = Debug|Any CPU
		{D1627A50-1C2B-4E28-AC6C-AB437B0138B4}.Debug|x86.ActiveCfg = Debug|Any CPU
		{D1627A50-1C2B-4E28-AC6C-AB437B0138B4}.Release|Any CPU.ActiveCfg = Release|Any CPU
		{D1627A50-1C2B-4E28-AC6C-AB437B0138B4}.Release|Any CPU.Build.0 = Release|Any CPU
		{D1627A50-1C2B-4E28-AC6C-AB437B0138B4}.Release|x86.ActiveCfg = Release|Any CPU
		{1FB6A5D3-6CDA-4262-A40C-D4724BA5E2E1}.Debug|Any CPU.ActiveCfg = Debug|Any CPU
		{1FB6A5D3-6CDA-4262-A40C-D4724BA5E2E1}.Debug|Any CPU.Build.0 = Debug|Any CPU
		{1FB6A5D3-6CDA-4262-A40C-D4724BA5E2E1}.Debug|x86.ActiveCfg = Debug|Any CPU
		{1FB6A5D3-6CDA-4262-A40C-D4724BA5E2E1}.Release|Any CPU.ActiveCfg = Release|Any CPU
		{1FB6A5D3-6CDA-4262-A40C-D4724BA5E2E1}.Release|Any CPU.Build.0 = Release|Any CPU
		{1FB6A5D3-6CDA-4262-A40C-D4724BA5E2E1}.Release|x86.ActiveCfg = Release|Any CPU
		{4FB0E76A-8D46-402E-818C-0E1B70376BDF}.Debug|Any CPU.ActiveCfg = Debug|Any CPU
		{4FB0E76A-8D46-402E-818C-0E1B70376BDF}.Debug|Any CPU.Build.0 = Debug|Any CPU
		{4FB0E76A-8D46-402E-818C-0E1B70376BDF}.Debug|x86.ActiveCfg = Debug|Any CPU
		{4FB0E76A-8D46-402E-818C-0E1B70376BDF}.Release|Any CPU.ActiveCfg = Release|Any CPU
		{4FB0E76A-8D46-402E-818C-0E1B70376BDF}.Release|Any CPU.Build.0 = Release|Any CPU
		{4FB0E76A-8D46-402E-818C-0E1B70376BDF}.Release|x86.ActiveCfg = Release|Any CPU
		{6873FE54-25CA-4C2F-BF91-FC10993F8F50}.Debug|Any CPU.ActiveCfg = Debug|Any CPU
		{6873FE54-25CA-4C2F-BF91-FC10993F8F50}.Debug|Any CPU.Build.0 = Debug|Any CPU
		{6873FE54-25CA-4C2F-BF91-FC10993F8F50}.Debug|x86.ActiveCfg = Debug|Any CPU
		{6873FE54-25CA-4C2F-BF91-FC10993F8F50}.Release|Any CPU.ActiveCfg = Release|Any CPU
		{6873FE54-25CA-4C2F-BF91-FC10993F8F50}.Release|Any CPU.Build.0 = Release|Any CPU
		{6873FE54-25CA-4C2F-BF91-FC10993F8F50}.Release|x86.ActiveCfg = Release|Any CPU
		{B29B5257-F26E-4123-AEB8-7CB377E63900}.Debug|Any CPU.ActiveCfg = Debug|Any CPU
		{B29B5257-F26E-4123-AEB8-7CB377E63900}.Debug|Any CPU.Build.0 = Debug|Any CPU
		{B29B5257-F26E-4123-AEB8-7CB377E63900}.Debug|x86.ActiveCfg = Debug|Any CPU
		{B29B5257-F26E-4123-AEB8-7CB377E63900}.Release|Any CPU.ActiveCfg = Release|Any CPU
		{B29B5257-F26E-4123-AEB8-7CB377E63900}.Release|Any CPU.Build.0 = Release|Any CPU
		{B29B5257-F26E-4123-AEB8-7CB377E63900}.Release|x86.ActiveCfg = Release|Any CPU
		{BFD74555-211A-4E90-8C12-08EEDAD921F1}.Debug|Any CPU.ActiveCfg = Debug|Any CPU
		{BFD74555-211A-4E90-8C12-08EEDAD921F1}.Debug|Any CPU.Build.0 = Debug|Any CPU
		{BFD74555-211A-4E90-8C12-08EEDAD921F1}.Debug|x86.ActiveCfg = Debug|Any CPU
		{BFD74555-211A-4E90-8C12-08EEDAD921F1}.Release|Any CPU.ActiveCfg = Release|Any CPU
		{BFD74555-211A-4E90-8C12-08EEDAD921F1}.Release|Any CPU.Build.0 = Release|Any CPU
		{BFD74555-211A-4E90-8C12-08EEDAD921F1}.Release|x86.ActiveCfg = Release|Any CPU
		{8B07E0F6-93F5-42B3-B7CF-A8C80CD52FE3}.Debug|Any CPU.ActiveCfg = Debug|Any CPU
		{8B07E0F6-93F5-42B3-B7CF-A8C80CD52FE3}.Debug|Any CPU.Build.0 = Debug|Any CPU
		{8B07E0F6-93F5-42B3-B7CF-A8C80CD52FE3}.Debug|x86.ActiveCfg = Debug|Any CPU
		{8B07E0F6-93F5-42B3-B7CF-A8C80CD52FE3}.Release|Any CPU.ActiveCfg = Release|Any CPU
		{8B07E0F6-93F5-42B3-B7CF-A8C80CD52FE3}.Release|Any CPU.Build.0 = Release|Any CPU
		{8B07E0F6-93F5-42B3-B7CF-A8C80CD52FE3}.Release|x86.ActiveCfg = Release|Any CPU
		{3EBDDDB8-741E-4A6A-83BC-8483A491EC55}.Debug|Any CPU.ActiveCfg = Debug|Any CPU
		{3EBDDDB8-741E-4A6A-83BC-8483A491EC55}.Debug|Any CPU.Build.0 = Debug|Any CPU
		{3EBDDDB8-741E-4A6A-83BC-8483A491EC55}.Debug|x86.ActiveCfg = Debug|Any CPU
		{3EBDDDB8-741E-4A6A-83BC-8483A491EC55}.Release|Any CPU.ActiveCfg = Release|Any CPU
		{3EBDDDB8-741E-4A6A-83BC-8483A491EC55}.Release|Any CPU.Build.0 = Release|Any CPU
		{3EBDDDB8-741E-4A6A-83BC-8483A491EC55}.Release|x86.ActiveCfg = Release|Any CPU
		{3A6234CE-482F-4E08-A5ED-7BDC0884222F}.Debug|Any CPU.ActiveCfg = Debug|Any CPU
		{3A6234CE-482F-4E08-A5ED-7BDC0884222F}.Debug|Any CPU.Build.0 = Debug|Any CPU
		{3A6234CE-482F-4E08-A5ED-7BDC0884222F}.Debug|x86.ActiveCfg = Debug|Any CPU
		{3A6234CE-482F-4E08-A5ED-7BDC0884222F}.Release|Any CPU.ActiveCfg = Release|Any CPU
		{3A6234CE-482F-4E08-A5ED-7BDC0884222F}.Release|Any CPU.Build.0 = Release|Any CPU
		{3A6234CE-482F-4E08-A5ED-7BDC0884222F}.Release|x86.ActiveCfg = Release|Any CPU
		{C8F6BB36-59BC-429F-934E-22CC587FA15D}.Debug|Any CPU.ActiveCfg = Debug|Any CPU
		{C8F6BB36-59BC-429F-934E-22CC587FA15D}.Debug|Any CPU.Build.0 = Debug|Any CPU
		{C8F6BB36-59BC-429F-934E-22CC587FA15D}.Debug|x86.ActiveCfg = Debug|Any CPU
		{C8F6BB36-59BC-429F-934E-22CC587FA15D}.Release|Any CPU.ActiveCfg = Release|Any CPU
		{C8F6BB36-59BC-429F-934E-22CC587FA15D}.Release|Any CPU.Build.0 = Release|Any CPU
		{C8F6BB36-59BC-429F-934E-22CC587FA15D}.Release|x86.ActiveCfg = Release|Any CPU
		{230F2728-8A06-4D69-B2F4-4BE58C1939B8}.Debug|Any CPU.ActiveCfg = Debug|Any CPU
		{230F2728-8A06-4D69-B2F4-4BE58C1939B8}.Debug|Any CPU.Build.0 = Debug|Any CPU
		{230F2728-8A06-4D69-B2F4-4BE58C1939B8}.Debug|x86.ActiveCfg = Debug|Any CPU
		{230F2728-8A06-4D69-B2F4-4BE58C1939B8}.Release|Any CPU.ActiveCfg = Release|Any CPU
		{230F2728-8A06-4D69-B2F4-4BE58C1939B8}.Release|Any CPU.Build.0 = Release|Any CPU
		{230F2728-8A06-4D69-B2F4-4BE58C1939B8}.Release|x86.ActiveCfg = Release|Any CPU
		{56D7E4D2-E6FA-4716-A9C6-F141BF8AF50E}.Debug|Any CPU.ActiveCfg = Debug|Any CPU
		{56D7E4D2-E6FA-4716-A9C6-F141BF8AF50E}.Debug|Any CPU.Build.0 = Debug|Any CPU
		{56D7E4D2-E6FA-4716-A9C6-F141BF8AF50E}.Debug|x86.ActiveCfg = Debug|Any CPU
		{56D7E4D2-E6FA-4716-A9C6-F141BF8AF50E}.Release|Any CPU.ActiveCfg = Release|Any CPU
		{56D7E4D2-E6FA-4716-A9C6-F141BF8AF50E}.Release|Any CPU.Build.0 = Release|Any CPU
		{56D7E4D2-E6FA-4716-A9C6-F141BF8AF50E}.Release|x86.ActiveCfg = Release|Any CPU
		{0FF77BEF-9178-4490-9214-505DB6CC943A}.Debug|Any CPU.ActiveCfg = Debug|Any CPU
		{0FF77BEF-9178-4490-9214-505DB6CC943A}.Debug|Any CPU.Build.0 = Debug|Any CPU
		{0FF77BEF-9178-4490-9214-505DB6CC943A}.Debug|x86.ActiveCfg = Debug|Any CPU
		{0FF77BEF-9178-4490-9214-505DB6CC943A}.Release|Any CPU.ActiveCfg = Release|Any CPU
		{0FF77BEF-9178-4490-9214-505DB6CC943A}.Release|Any CPU.Build.0 = Release|Any CPU
		{0FF77BEF-9178-4490-9214-505DB6CC943A}.Release|x86.ActiveCfg = Release|Any CPU
		{A0349336-188C-40D5-9F48-26F9B7692CCB}.Debug|Any CPU.ActiveCfg = Debug|Any CPU
		{A0349336-188C-40D5-9F48-26F9B7692CCB}.Debug|Any CPU.Build.0 = Debug|Any CPU
		{A0349336-188C-40D5-9F48-26F9B7692CCB}.Debug|x86.ActiveCfg = Debug|Any CPU
		{A0349336-188C-40D5-9F48-26F9B7692CCB}.Release|Any CPU.ActiveCfg = Release|Any CPU
		{A0349336-188C-40D5-9F48-26F9B7692CCB}.Release|Any CPU.Build.0 = Release|Any CPU
		{A0349336-188C-40D5-9F48-26F9B7692CCB}.Release|x86.ActiveCfg = Release|Any CPU
		{500AFC49-CADF-443E-8021-D4AD1C9CFD27}.Debug|Any CPU.ActiveCfg = Debug|Any CPU
		{500AFC49-CADF-443E-8021-D4AD1C9CFD27}.Debug|Any CPU.Build.0 = Debug|Any CPU
		{500AFC49-CADF-443E-8021-D4AD1C9CFD27}.Debug|x86.ActiveCfg = Debug|Any CPU
		{500AFC49-CADF-443E-8021-D4AD1C9CFD27}.Release|Any CPU.ActiveCfg = Release|Any CPU
		{500AFC49-CADF-443E-8021-D4AD1C9CFD27}.Release|Any CPU.Build.0 = Release|Any CPU
		{500AFC49-CADF-443E-8021-D4AD1C9CFD27}.Release|x86.ActiveCfg = Release|Any CPU
		{20329151-4088-4B94-BCFE-373A3221A0ED}.Debug|Any CPU.ActiveCfg = Debug|Any CPU
		{20329151-4088-4B94-BCFE-373A3221A0ED}.Debug|Any CPU.Build.0 = Debug|Any CPU
		{20329151-4088-4B94-BCFE-373A3221A0ED}.Debug|x86.ActiveCfg = Debug|Any CPU
		{20329151-4088-4B94-BCFE-373A3221A0ED}.Release|Any CPU.ActiveCfg = Release|Any CPU
		{20329151-4088-4B94-BCFE-373A3221A0ED}.Release|Any CPU.Build.0 = Release|Any CPU
		{20329151-4088-4B94-BCFE-373A3221A0ED}.Release|x86.ActiveCfg = Release|Any CPU
		{307AFC44-3F64-407C-B7BB-1375894D4185}.Debug|Any CPU.ActiveCfg = Debug|Any CPU
		{307AFC44-3F64-407C-B7BB-1375894D4185}.Debug|Any CPU.Build.0 = Debug|Any CPU
		{307AFC44-3F64-407C-B7BB-1375894D4185}.Debug|x86.ActiveCfg = Debug|Any CPU
		{307AFC44-3F64-407C-B7BB-1375894D4185}.Release|Any CPU.ActiveCfg = Release|Any CPU
		{307AFC44-3F64-407C-B7BB-1375894D4185}.Release|Any CPU.Build.0 = Release|Any CPU
		{307AFC44-3F64-407C-B7BB-1375894D4185}.Release|x86.ActiveCfg = Release|Any CPU
		{7B667EDC-50A3-4B70-8638-9223D73FA19D}.Debug|Any CPU.ActiveCfg = Debug|Any CPU
		{7B667EDC-50A3-4B70-8638-9223D73FA19D}.Debug|Any CPU.Build.0 = Debug|Any CPU
		{7B667EDC-50A3-4B70-8638-9223D73FA19D}.Debug|x86.ActiveCfg = Debug|Any CPU
		{7B667EDC-50A3-4B70-8638-9223D73FA19D}.Release|Any CPU.ActiveCfg = Release|Any CPU
		{7B667EDC-50A3-4B70-8638-9223D73FA19D}.Release|Any CPU.Build.0 = Release|Any CPU
		{7B667EDC-50A3-4B70-8638-9223D73FA19D}.Release|x86.ActiveCfg = Release|Any CPU
		{DA661AD0-9E17-44A4-AD12-0AF92B413B8F}.Debug|Any CPU.ActiveCfg = Debug|Any CPU
		{DA661AD0-9E17-44A4-AD12-0AF92B413B8F}.Debug|Any CPU.Build.0 = Debug|Any CPU
		{DA661AD0-9E17-44A4-AD12-0AF92B413B8F}.Debug|x86.ActiveCfg = Debug|Any CPU
		{DA661AD0-9E17-44A4-AD12-0AF92B413B8F}.Release|Any CPU.ActiveCfg = Release|Any CPU
		{DA661AD0-9E17-44A4-AD12-0AF92B413B8F}.Release|Any CPU.Build.0 = Release|Any CPU
		{DA661AD0-9E17-44A4-AD12-0AF92B413B8F}.Release|x86.ActiveCfg = Release|Any CPU
		{CFDB7A31-7A71-41ED-8169-E223914E1FEB}.Debug|Any CPU.ActiveCfg = Debug|Any CPU
		{CFDB7A31-7A71-41ED-8169-E223914E1FEB}.Debug|Any CPU.Build.0 = Debug|Any CPU
		{CFDB7A31-7A71-41ED-8169-E223914E1FEB}.Debug|x86.ActiveCfg = Debug|Any CPU
		{CFDB7A31-7A71-41ED-8169-E223914E1FEB}.Release|Any CPU.ActiveCfg = Release|Any CPU
		{CFDB7A31-7A71-41ED-8169-E223914E1FEB}.Release|Any CPU.Build.0 = Release|Any CPU
		{CFDB7A31-7A71-41ED-8169-E223914E1FEB}.Release|x86.ActiveCfg = Release|Any CPU
		{2824028E-FD24-4BA5-98F4-EC73B943289A}.Debug|Any CPU.ActiveCfg = Debug|Any CPU
		{2824028E-FD24-4BA5-98F4-EC73B943289A}.Debug|Any CPU.Build.0 = Debug|Any CPU
		{2824028E-FD24-4BA5-98F4-EC73B943289A}.Debug|x86.ActiveCfg = Debug|Any CPU
		{2824028E-FD24-4BA5-98F4-EC73B943289A}.Release|Any CPU.ActiveCfg = Release|Any CPU
		{2824028E-FD24-4BA5-98F4-EC73B943289A}.Release|Any CPU.Build.0 = Release|Any CPU
		{2824028E-FD24-4BA5-98F4-EC73B943289A}.Release|x86.ActiveCfg = Release|Any CPU
		{5FF6D8CA-734A-42D6-AF51-0D03789DABCE}.Debug|Any CPU.ActiveCfg = Debug|Any CPU
		{5FF6D8CA-734A-42D6-AF51-0D03789DABCE}.Debug|Any CPU.Build.0 = Debug|Any CPU
		{5FF6D8CA-734A-42D6-AF51-0D03789DABCE}.Debug|x86.ActiveCfg = Debug|Any CPU
		{5FF6D8CA-734A-42D6-AF51-0D03789DABCE}.Release|Any CPU.ActiveCfg = Release|Any CPU
		{5FF6D8CA-734A-42D6-AF51-0D03789DABCE}.Release|Any CPU.Build.0 = Release|Any CPU
		{5FF6D8CA-734A-42D6-AF51-0D03789DABCE}.Release|x86.ActiveCfg = Release|Any CPU
		{6B06A54A-E64A-4698-9BAD-94B4A82C1CFC}.Debug|Any CPU.ActiveCfg = Debug|Any CPU
		{6B06A54A-E64A-4698-9BAD-94B4A82C1CFC}.Debug|Any CPU.Build.0 = Debug|Any CPU
		{6B06A54A-E64A-4698-9BAD-94B4A82C1CFC}.Debug|x86.ActiveCfg = Debug|Any CPU
		{6B06A54A-E64A-4698-9BAD-94B4A82C1CFC}.Release|Any CPU.ActiveCfg = Release|Any CPU
		{6B06A54A-E64A-4698-9BAD-94B4A82C1CFC}.Release|Any CPU.Build.0 = Release|Any CPU
		{6B06A54A-E64A-4698-9BAD-94B4A82C1CFC}.Release|x86.ActiveCfg = Release|Any CPU
		{5F9D0834-72E3-417D-856A-D0AC33D4737A}.Debug|Any CPU.ActiveCfg = Debug|Any CPU
		{5F9D0834-72E3-417D-856A-D0AC33D4737A}.Debug|Any CPU.Build.0 = Debug|Any CPU
		{5F9D0834-72E3-417D-856A-D0AC33D4737A}.Debug|x86.ActiveCfg = Debug|Any CPU
		{5F9D0834-72E3-417D-856A-D0AC33D4737A}.Release|Any CPU.ActiveCfg = Release|Any CPU
		{5F9D0834-72E3-417D-856A-D0AC33D4737A}.Release|Any CPU.Build.0 = Release|Any CPU
		{5F9D0834-72E3-417D-856A-D0AC33D4737A}.Release|x86.ActiveCfg = Release|Any CPU
		{D6B3BBCD-F921-4D3B-8719-7734AAFBF5F5}.Debug|Any CPU.ActiveCfg = Debug|Any CPU
		{D6B3BBCD-F921-4D3B-8719-7734AAFBF5F5}.Debug|Any CPU.Build.0 = Debug|Any CPU
		{D6B3BBCD-F921-4D3B-8719-7734AAFBF5F5}.Debug|x86.ActiveCfg = Debug|Any CPU
		{D6B3BBCD-F921-4D3B-8719-7734AAFBF5F5}.Release|Any CPU.ActiveCfg = Release|Any CPU
		{D6B3BBCD-F921-4D3B-8719-7734AAFBF5F5}.Release|Any CPU.Build.0 = Release|Any CPU
		{D6B3BBCD-F921-4D3B-8719-7734AAFBF5F5}.Release|x86.ActiveCfg = Release|Any CPU
		{0464CC7F-D2A8-44DC-A9DE-9C71059B7C19}.Debug|Any CPU.ActiveCfg = Debug|Any CPU
		{0464CC7F-D2A8-44DC-A9DE-9C71059B7C19}.Debug|Any CPU.Build.0 = Debug|Any CPU
		{0464CC7F-D2A8-44DC-A9DE-9C71059B7C19}.Debug|x86.ActiveCfg = Debug|Any CPU
		{0464CC7F-D2A8-44DC-A9DE-9C71059B7C19}.Release|Any CPU.ActiveCfg = Release|Any CPU
		{0464CC7F-D2A8-44DC-A9DE-9C71059B7C19}.Release|Any CPU.Build.0 = Release|Any CPU
		{0464CC7F-D2A8-44DC-A9DE-9C71059B7C19}.Release|x86.ActiveCfg = Release|Any CPU
		{F2C98769-791A-4365-B2C4-4795C40331CB}.Debug|Any CPU.ActiveCfg = Debug|Any CPU
		{F2C98769-791A-4365-B2C4-4795C40331CB}.Debug|Any CPU.Build.0 = Debug|Any CPU
		{F2C98769-791A-4365-B2C4-4795C40331CB}.Debug|x86.ActiveCfg = Debug|Any CPU
		{F2C98769-791A-4365-B2C4-4795C40331CB}.Release|Any CPU.ActiveCfg = Release|Any CPU
		{F2C98769-791A-4365-B2C4-4795C40331CB}.Release|Any CPU.Build.0 = Release|Any CPU
		{F2C98769-791A-4365-B2C4-4795C40331CB}.Release|x86.ActiveCfg = Release|Any CPU
		{44CB5113-124A-442B-853D-4458FD28044B}.Debug|Any CPU.ActiveCfg = Debug|Any CPU
		{44CB5113-124A-442B-853D-4458FD28044B}.Debug|Any CPU.Build.0 = Debug|Any CPU
		{44CB5113-124A-442B-853D-4458FD28044B}.Debug|x86.ActiveCfg = Debug|Any CPU
		{44CB5113-124A-442B-853D-4458FD28044B}.Release|Any CPU.ActiveCfg = Release|Any CPU
		{44CB5113-124A-442B-853D-4458FD28044B}.Release|Any CPU.Build.0 = Release|Any CPU
		{44CB5113-124A-442B-853D-4458FD28044B}.Release|x86.ActiveCfg = Release|Any CPU
		{A2102521-9032-4060-A807-69EF2D2E5F40}.Debug|Any CPU.ActiveCfg = Debug|Any CPU
		{A2102521-9032-4060-A807-69EF2D2E5F40}.Debug|Any CPU.Build.0 = Debug|Any CPU
		{A2102521-9032-4060-A807-69EF2D2E5F40}.Debug|x86.ActiveCfg = Debug|Any CPU
		{A2102521-9032-4060-A807-69EF2D2E5F40}.Release|Any CPU.ActiveCfg = Release|Any CPU
		{A2102521-9032-4060-A807-69EF2D2E5F40}.Release|Any CPU.Build.0 = Release|Any CPU
		{A2102521-9032-4060-A807-69EF2D2E5F40}.Release|x86.ActiveCfg = Release|Any CPU
		{F12C1FAC-7A61-4673-839D-B410EDEDF29A}.Debug|Any CPU.ActiveCfg = Debug|Any CPU
		{F12C1FAC-7A61-4673-839D-B410EDEDF29A}.Debug|Any CPU.Build.0 = Debug|Any CPU
		{F12C1FAC-7A61-4673-839D-B410EDEDF29A}.Debug|x86.ActiveCfg = Debug|Any CPU
		{F12C1FAC-7A61-4673-839D-B410EDEDF29A}.Release|Any CPU.ActiveCfg = Release|Any CPU
		{F12C1FAC-7A61-4673-839D-B410EDEDF29A}.Release|Any CPU.Build.0 = Release|Any CPU
		{F12C1FAC-7A61-4673-839D-B410EDEDF29A}.Release|x86.ActiveCfg = Release|Any CPU
		{FD4D3BC6-963D-48DF-8442-B80E67FDEF90}.Debug|Any CPU.ActiveCfg = Debug|Any CPU
		{FD4D3BC6-963D-48DF-8442-B80E67FDEF90}.Debug|Any CPU.Build.0 = Debug|Any CPU
		{FD4D3BC6-963D-48DF-8442-B80E67FDEF90}.Debug|x86.ActiveCfg = Debug|Any CPU
		{FD4D3BC6-963D-48DF-8442-B80E67FDEF90}.Release|Any CPU.ActiveCfg = Release|Any CPU
		{FD4D3BC6-963D-48DF-8442-B80E67FDEF90}.Release|Any CPU.Build.0 = Release|Any CPU
		{FD4D3BC6-963D-48DF-8442-B80E67FDEF90}.Release|x86.ActiveCfg = Release|Any CPU
		{4F4F2005-D804-46B3-8FEB-FB11F16C8DA9}.Debug|Any CPU.ActiveCfg = Debug|Any CPU
		{4F4F2005-D804-46B3-8FEB-FB11F16C8DA9}.Debug|Any CPU.Build.0 = Debug|Any CPU
		{4F4F2005-D804-46B3-8FEB-FB11F16C8DA9}.Debug|x86.ActiveCfg = Debug|Any CPU
		{4F4F2005-D804-46B3-8FEB-FB11F16C8DA9}.Release|Any CPU.ActiveCfg = Release|Any CPU
		{4F4F2005-D804-46B3-8FEB-FB11F16C8DA9}.Release|Any CPU.Build.0 = Release|Any CPU
		{4F4F2005-D804-46B3-8FEB-FB11F16C8DA9}.Release|x86.ActiveCfg = Release|Any CPU
		{8CBBFB97-FC8C-4E6C-A842-D97B2F985886}.Debug|Any CPU.ActiveCfg = Debug|Any CPU
		{8CBBFB97-FC8C-4E6C-A842-D97B2F985886}.Debug|Any CPU.Build.0 = Debug|Any CPU
		{8CBBFB97-FC8C-4E6C-A842-D97B2F985886}.Debug|x86.ActiveCfg = Debug|Any CPU
		{8CBBFB97-FC8C-4E6C-A842-D97B2F985886}.Release|Any CPU.ActiveCfg = Release|Any CPU
		{8CBBFB97-FC8C-4E6C-A842-D97B2F985886}.Release|Any CPU.Build.0 = Release|Any CPU
		{8CBBFB97-FC8C-4E6C-A842-D97B2F985886}.Release|x86.ActiveCfg = Release|Any CPU
		{6903DA44-5963-4BC5-8AC9-43D9DCF74368}.Debug|Any CPU.ActiveCfg = Debug|Any CPU
		{6903DA44-5963-4BC5-8AC9-43D9DCF74368}.Debug|Any CPU.Build.0 = Debug|Any CPU
		{6903DA44-5963-4BC5-8AC9-43D9DCF74368}.Debug|x86.ActiveCfg = Debug|Any CPU
		{6903DA44-5963-4BC5-8AC9-43D9DCF74368}.Release|Any CPU.ActiveCfg = Release|Any CPU
		{6903DA44-5963-4BC5-8AC9-43D9DCF74368}.Release|Any CPU.Build.0 = Release|Any CPU
		{6903DA44-5963-4BC5-8AC9-43D9DCF74368}.Release|x86.ActiveCfg = Release|Any CPU
		{B8C25E52-C080-4FE7-BD6F-7689483DC6DF}.Debug|Any CPU.ActiveCfg = Debug|Any CPU
		{B8C25E52-C080-4FE7-BD6F-7689483DC6DF}.Debug|Any CPU.Build.0 = Debug|Any CPU
		{B8C25E52-C080-4FE7-BD6F-7689483DC6DF}.Debug|x86.ActiveCfg = Debug|Any CPU
		{B8C25E52-C080-4FE7-BD6F-7689483DC6DF}.Release|Any CPU.ActiveCfg = Release|Any CPU
		{B8C25E52-C080-4FE7-BD6F-7689483DC6DF}.Release|Any CPU.Build.0 = Release|Any CPU
		{B8C25E52-C080-4FE7-BD6F-7689483DC6DF}.Release|x86.ActiveCfg = Release|Any CPU
		{CFF1F870-51AC-4D01-A36F-A87CA191C97E}.Debug|Any CPU.ActiveCfg = Debug|Any CPU
		{CFF1F870-51AC-4D01-A36F-A87CA191C97E}.Debug|Any CPU.Build.0 = Debug|Any CPU
		{CFF1F870-51AC-4D01-A36F-A87CA191C97E}.Debug|x86.ActiveCfg = Debug|Any CPU
		{CFF1F870-51AC-4D01-A36F-A87CA191C97E}.Release|Any CPU.ActiveCfg = Release|Any CPU
		{CFF1F870-51AC-4D01-A36F-A87CA191C97E}.Release|Any CPU.Build.0 = Release|Any CPU
		{CFF1F870-51AC-4D01-A36F-A87CA191C97E}.Release|x86.ActiveCfg = Release|Any CPU
		{9463716C-DC47-4740-BB6F-B5A6DAB5E93F}.Debug|Any CPU.ActiveCfg = Debug|Any CPU
		{9463716C-DC47-4740-BB6F-B5A6DAB5E93F}.Debug|Any CPU.Build.0 = Debug|Any CPU
		{9463716C-DC47-4740-BB6F-B5A6DAB5E93F}.Debug|x86.ActiveCfg = Debug|Any CPU
		{9463716C-DC47-4740-BB6F-B5A6DAB5E93F}.Release|Any CPU.ActiveCfg = Release|Any CPU
		{9463716C-DC47-4740-BB6F-B5A6DAB5E93F}.Release|Any CPU.Build.0 = Release|Any CPU
		{9463716C-DC47-4740-BB6F-B5A6DAB5E93F}.Release|x86.ActiveCfg = Release|Any CPU
		{EBA18EAA-3DE8-49AB-8714-75DA369ED038}.Debug|Any CPU.ActiveCfg = Debug|Any CPU
		{EBA18EAA-3DE8-49AB-8714-75DA369ED038}.Debug|Any CPU.Build.0 = Debug|Any CPU
		{EBA18EAA-3DE8-49AB-8714-75DA369ED038}.Debug|x86.ActiveCfg = Debug|Any CPU
		{EBA18EAA-3DE8-49AB-8714-75DA369ED038}.Release|Any CPU.ActiveCfg = Release|Any CPU
		{EBA18EAA-3DE8-49AB-8714-75DA369ED038}.Release|Any CPU.Build.0 = Release|Any CPU
		{EBA18EAA-3DE8-49AB-8714-75DA369ED038}.Release|x86.ActiveCfg = Release|Any CPU
		{B9B85C6C-F56A-4937-A32B-24A935C598C9}.Debug|Any CPU.ActiveCfg = Debug|Any CPU
		{B9B85C6C-F56A-4937-A32B-24A935C598C9}.Debug|Any CPU.Build.0 = Debug|Any CPU
		{B9B85C6C-F56A-4937-A32B-24A935C598C9}.Debug|x86.ActiveCfg = Debug|Any CPU
		{B9B85C6C-F56A-4937-A32B-24A935C598C9}.Release|Any CPU.ActiveCfg = Release|Any CPU
		{B9B85C6C-F56A-4937-A32B-24A935C598C9}.Release|Any CPU.Build.0 = Release|Any CPU
		{B9B85C6C-F56A-4937-A32B-24A935C598C9}.Release|x86.ActiveCfg = Release|Any CPU
		{1A5BE1E3-2E23-4D24-A97E-9E864574B700}.Debug|Any CPU.ActiveCfg = Debug|Any CPU
		{1A5BE1E3-2E23-4D24-A97E-9E864574B700}.Debug|Any CPU.Build.0 = Debug|Any CPU
		{1A5BE1E3-2E23-4D24-A97E-9E864574B700}.Debug|x86.ActiveCfg = Debug|Any CPU
		{1A5BE1E3-2E23-4D24-A97E-9E864574B700}.Release|Any CPU.ActiveCfg = Release|Any CPU
		{1A5BE1E3-2E23-4D24-A97E-9E864574B700}.Release|Any CPU.Build.0 = Release|Any CPU
		{1A5BE1E3-2E23-4D24-A97E-9E864574B700}.Release|x86.ActiveCfg = Release|Any CPU
		{C8B82F49-E743-4CF5-AD42-48002F8052C9}.Debug|Any CPU.ActiveCfg = Debug|Any CPU
		{C8B82F49-E743-4CF5-AD42-48002F8052C9}.Debug|Any CPU.Build.0 = Debug|Any CPU
		{C8B82F49-E743-4CF5-AD42-48002F8052C9}.Debug|x86.ActiveCfg = Debug|Any CPU
		{C8B82F49-E743-4CF5-AD42-48002F8052C9}.Release|Any CPU.ActiveCfg = Release|Any CPU
		{C8B82F49-E743-4CF5-AD42-48002F8052C9}.Release|Any CPU.Build.0 = Release|Any CPU
		{C8B82F49-E743-4CF5-AD42-48002F8052C9}.Release|x86.ActiveCfg = Release|Any CPU
		{508C5479-0AC0-4745-AA00-28DED2D88D5C}.Debug|Any CPU.ActiveCfg = Debug|Any CPU
		{508C5479-0AC0-4745-AA00-28DED2D88D5C}.Debug|Any CPU.Build.0 = Debug|Any CPU
		{508C5479-0AC0-4745-AA00-28DED2D88D5C}.Debug|x86.ActiveCfg = Debug|Any CPU
		{508C5479-0AC0-4745-AA00-28DED2D88D5C}.Release|Any CPU.ActiveCfg = Release|Any CPU
		{508C5479-0AC0-4745-AA00-28DED2D88D5C}.Release|Any CPU.Build.0 = Release|Any CPU
		{508C5479-0AC0-4745-AA00-28DED2D88D5C}.Release|x86.ActiveCfg = Release|Any CPU
		{A26A25AA-8DA4-45B1-8935-D0407C47F2EA}.Debug|Any CPU.ActiveCfg = Debug|Any CPU
		{A26A25AA-8DA4-45B1-8935-D0407C47F2EA}.Debug|Any CPU.Build.0 = Debug|Any CPU
		{A26A25AA-8DA4-45B1-8935-D0407C47F2EA}.Debug|x86.ActiveCfg = Debug|Any CPU
		{A26A25AA-8DA4-45B1-8935-D0407C47F2EA}.Release|Any CPU.ActiveCfg = Release|Any CPU
		{A26A25AA-8DA4-45B1-8935-D0407C47F2EA}.Release|Any CPU.Build.0 = Release|Any CPU
		{A26A25AA-8DA4-45B1-8935-D0407C47F2EA}.Release|x86.ActiveCfg = Release|Any CPU
		{F739A9CD-402D-4E1E-A839-01E5418AC9AA}.Debug|Any CPU.ActiveCfg = Debug|Any CPU
		{F739A9CD-402D-4E1E-A839-01E5418AC9AA}.Debug|Any CPU.Build.0 = Debug|Any CPU
		{F739A9CD-402D-4E1E-A839-01E5418AC9AA}.Debug|x86.ActiveCfg = Debug|Any CPU
		{F739A9CD-402D-4E1E-A839-01E5418AC9AA}.Release|Any CPU.ActiveCfg = Release|Any CPU
		{F739A9CD-402D-4E1E-A839-01E5418AC9AA}.Release|Any CPU.Build.0 = Release|Any CPU
		{F739A9CD-402D-4E1E-A839-01E5418AC9AA}.Release|x86.ActiveCfg = Release|Any CPU
		{CBFB7124-EB66-4A40-8D87-D8AEB13B4128}.Debug|Any CPU.ActiveCfg = Debug|Any CPU
		{CBFB7124-EB66-4A40-8D87-D8AEB13B4128}.Debug|Any CPU.Build.0 = Debug|Any CPU
		{CBFB7124-EB66-4A40-8D87-D8AEB13B4128}.Debug|x86.ActiveCfg = Debug|Any CPU
		{CBFB7124-EB66-4A40-8D87-D8AEB13B4128}.Release|Any CPU.ActiveCfg = Release|Any CPU
		{CBFB7124-EB66-4A40-8D87-D8AEB13B4128}.Release|Any CPU.Build.0 = Release|Any CPU
		{CBFB7124-EB66-4A40-8D87-D8AEB13B4128}.Release|x86.ActiveCfg = Release|Any CPU
		{56716AE8-C810-4124-9FB1-CD80E234968A}.Debug|Any CPU.ActiveCfg = Debug|x86
		{56716AE8-C810-4124-9FB1-CD80E234968A}.Debug|Any CPU.Build.0 = Debug|x86
		{56716AE8-C810-4124-9FB1-CD80E234968A}.Debug|x86.ActiveCfg = Debug|Any CPU
		{56716AE8-C810-4124-9FB1-CD80E234968A}.Release|Any CPU.ActiveCfg = Release|Any CPU
		{56716AE8-C810-4124-9FB1-CD80E234968A}.Release|Any CPU.Build.0 = Release|Any CPU
		{56716AE8-C810-4124-9FB1-CD80E234968A}.Release|x86.ActiveCfg = Release|Any CPU
		{E1F27445-0708-4BAE-AB9F-FD871787AFC8}.Debug|Any CPU.ActiveCfg = Debug|Any CPU
		{E1F27445-0708-4BAE-AB9F-FD871787AFC8}.Debug|Any CPU.Build.0 = Debug|Any CPU
		{E1F27445-0708-4BAE-AB9F-FD871787AFC8}.Debug|x86.ActiveCfg = Debug|Any CPU
		{E1F27445-0708-4BAE-AB9F-FD871787AFC8}.Release|Any CPU.ActiveCfg = Release|Any CPU
		{E1F27445-0708-4BAE-AB9F-FD871787AFC8}.Release|Any CPU.Build.0 = Release|Any CPU
		{E1F27445-0708-4BAE-AB9F-FD871787AFC8}.Release|x86.ActiveCfg = Release|Any CPU
		{79531EAC-B55B-4D86-A39F-9046B903A07C}.Debug|Any CPU.ActiveCfg = Debug|Any CPU
		{79531EAC-B55B-4D86-A39F-9046B903A07C}.Debug|Any CPU.Build.0 = Debug|Any CPU
		{79531EAC-B55B-4D86-A39F-9046B903A07C}.Debug|x86.ActiveCfg = Debug|Any CPU
		{79531EAC-B55B-4D86-A39F-9046B903A07C}.Release|Any CPU.ActiveCfg = Release|Any CPU
		{79531EAC-B55B-4D86-A39F-9046B903A07C}.Release|Any CPU.Build.0 = Release|Any CPU
		{79531EAC-B55B-4D86-A39F-9046B903A07C}.Release|x86.ActiveCfg = Release|Any CPU
		{ADA06298-CC28-49FF-B98E-20663EAFC14C}.Debug|Any CPU.ActiveCfg = Debug|Any CPU
		{ADA06298-CC28-49FF-B98E-20663EAFC14C}.Debug|Any CPU.Build.0 = Debug|Any CPU
		{ADA06298-CC28-49FF-B98E-20663EAFC14C}.Debug|x86.ActiveCfg = Debug|Any CPU
		{ADA06298-CC28-49FF-B98E-20663EAFC14C}.Release|Any CPU.ActiveCfg = Release|Any CPU
		{ADA06298-CC28-49FF-B98E-20663EAFC14C}.Release|Any CPU.Build.0 = Release|Any CPU
		{ADA06298-CC28-49FF-B98E-20663EAFC14C}.Release|x86.ActiveCfg = Release|Any CPU
		{2184B37E-3CF1-4E3B-B42B-71A3EB0497A8}.Debug|Any CPU.ActiveCfg = Debug|Any CPU
		{2184B37E-3CF1-4E3B-B42B-71A3EB0497A8}.Debug|Any CPU.Build.0 = Debug|Any CPU
		{2184B37E-3CF1-4E3B-B42B-71A3EB0497A8}.Debug|x86.ActiveCfg = Debug|Any CPU
		{2184B37E-3CF1-4E3B-B42B-71A3EB0497A8}.Release|Any CPU.ActiveCfg = Release|Any CPU
		{2184B37E-3CF1-4E3B-B42B-71A3EB0497A8}.Release|Any CPU.Build.0 = Release|Any CPU
		{2184B37E-3CF1-4E3B-B42B-71A3EB0497A8}.Release|x86.ActiveCfg = Release|Any CPU
		{C12B4091-06E9-4C73-A2C3-D7755AD4D516}.Debug|Any CPU.ActiveCfg = Debug|Any CPU
		{C12B4091-06E9-4C73-A2C3-D7755AD4D516}.Debug|Any CPU.Build.0 = Debug|Any CPU
		{C12B4091-06E9-4C73-A2C3-D7755AD4D516}.Debug|x86.ActiveCfg = Debug|Any CPU
		{C12B4091-06E9-4C73-A2C3-D7755AD4D516}.Release|Any CPU.ActiveCfg = Release|Any CPU
		{C12B4091-06E9-4C73-A2C3-D7755AD4D516}.Release|Any CPU.Build.0 = Release|Any CPU
		{C12B4091-06E9-4C73-A2C3-D7755AD4D516}.Release|x86.ActiveCfg = Release|Any CPU
		{183313F4-D67C-47BD-BD6D-90F14075AABD}.Debug|Any CPU.ActiveCfg = Debug|Any CPU
		{183313F4-D67C-47BD-BD6D-90F14075AABD}.Debug|Any CPU.Build.0 = Debug|Any CPU
		{183313F4-D67C-47BD-BD6D-90F14075AABD}.Debug|x86.ActiveCfg = Debug|Any CPU
		{183313F4-D67C-47BD-BD6D-90F14075AABD}.Release|Any CPU.ActiveCfg = Release|Any CPU
		{183313F4-D67C-47BD-BD6D-90F14075AABD}.Release|Any CPU.Build.0 = Release|Any CPU
		{183313F4-D67C-47BD-BD6D-90F14075AABD}.Release|x86.ActiveCfg = Release|Any CPU
		{72FD9CF2-5352-4926-90F3-A955F8E18C42}.Debug|Any CPU.ActiveCfg = Debug|Any CPU
		{72FD9CF2-5352-4926-90F3-A955F8E18C42}.Debug|Any CPU.Build.0 = Debug|Any CPU
		{72FD9CF2-5352-4926-90F3-A955F8E18C42}.Debug|x86.ActiveCfg = Debug|Any CPU
		{72FD9CF2-5352-4926-90F3-A955F8E18C42}.Release|Any CPU.ActiveCfg = Release|Any CPU
		{72FD9CF2-5352-4926-90F3-A955F8E18C42}.Release|Any CPU.Build.0 = Release|Any CPU
		{72FD9CF2-5352-4926-90F3-A955F8E18C42}.Release|x86.ActiveCfg = Release|Any CPU
		{CB000FBA-53B3-4D80-8CA7-754405454778}.Debug|Any CPU.ActiveCfg = Debug|Any CPU
		{CB000FBA-53B3-4D80-8CA7-754405454778}.Debug|Any CPU.Build.0 = Debug|Any CPU
		{CB000FBA-53B3-4D80-8CA7-754405454778}.Debug|x86.ActiveCfg = Debug|Any CPU
		{CB000FBA-53B3-4D80-8CA7-754405454778}.Release|Any CPU.ActiveCfg = Release|Any CPU
		{CB000FBA-53B3-4D80-8CA7-754405454778}.Release|Any CPU.Build.0 = Release|Any CPU
		{CB000FBA-53B3-4D80-8CA7-754405454778}.Release|x86.ActiveCfg = Release|Any CPU
		{D3995898-6EB0-4521-A08B-6CE53AFFFD80}.Debug|Any CPU.ActiveCfg = Debug|Any CPU
		{D3995898-6EB0-4521-A08B-6CE53AFFFD80}.Debug|Any CPU.Build.0 = Debug|Any CPU
		{D3995898-6EB0-4521-A08B-6CE53AFFFD80}.Debug|x86.ActiveCfg = Debug|Any CPU
		{D3995898-6EB0-4521-A08B-6CE53AFFFD80}.Release|Any CPU.ActiveCfg = Release|Any CPU
		{D3995898-6EB0-4521-A08B-6CE53AFFFD80}.Release|Any CPU.Build.0 = Release|Any CPU
		{D3995898-6EB0-4521-A08B-6CE53AFFFD80}.Release|x86.ActiveCfg = Release|Any CPU
		{E786DBFB-4D51-4047-855E-0E96FF147F0C}.Debug|Any CPU.ActiveCfg = Debug|Any CPU
		{E786DBFB-4D51-4047-855E-0E96FF147F0C}.Debug|Any CPU.Build.0 = Debug|Any CPU
		{E786DBFB-4D51-4047-855E-0E96FF147F0C}.Debug|x86.ActiveCfg = Debug|Any CPU
		{E786DBFB-4D51-4047-855E-0E96FF147F0C}.Release|Any CPU.ActiveCfg = Release|Any CPU
		{E786DBFB-4D51-4047-855E-0E96FF147F0C}.Release|Any CPU.Build.0 = Release|Any CPU
		{E786DBFB-4D51-4047-855E-0E96FF147F0C}.Release|x86.ActiveCfg = Release|Any CPU
	EndGlobalSection
	GlobalSection(SolutionProperties) = preSolution
		HideSolutionNode = FALSE
	EndGlobalSection
	GlobalSection(NestedProjects) = preSolution
		{B29B5257-F26E-4123-AEB8-7CB377E63900} = {353CC75F-6C73-4C52-8B45-142D3569C056}
		{BFD74555-211A-4E90-8C12-08EEDAD921F1} = {353CC75F-6C73-4C52-8B45-142D3569C056}
		{8B07E0F6-93F5-42B3-B7CF-A8C80CD52FE3} = {353CC75F-6C73-4C52-8B45-142D3569C056}
		{3EBDDDB8-741E-4A6A-83BC-8483A491EC55} = {353CC75F-6C73-4C52-8B45-142D3569C056}
		{3A6234CE-482F-4E08-A5ED-7BDC0884222F} = {353CC75F-6C73-4C52-8B45-142D3569C056}
		{C8F6BB36-59BC-429F-934E-22CC587FA15D} = {353CC75F-6C73-4C52-8B45-142D3569C056}
		{0FF77BEF-9178-4490-9214-505DB6CC943A} = {353CC75F-6C73-4C52-8B45-142D3569C056}
		{A0349336-188C-40D5-9F48-26F9B7692CCB} = {353CC75F-6C73-4C52-8B45-142D3569C056}
		{500AFC49-CADF-443E-8021-D4AD1C9CFD27} = {353CC75F-6C73-4C52-8B45-142D3569C056}
		{20329151-4088-4B94-BCFE-373A3221A0ED} = {353CC75F-6C73-4C52-8B45-142D3569C056}
		{307AFC44-3F64-407C-B7BB-1375894D4185} = {353CC75F-6C73-4C52-8B45-142D3569C056}
		{7B667EDC-50A3-4B70-8638-9223D73FA19D} = {353CC75F-6C73-4C52-8B45-142D3569C056}
		{DA661AD0-9E17-44A4-AD12-0AF92B413B8F} = {353CC75F-6C73-4C52-8B45-142D3569C056}
		{CFDB7A31-7A71-41ED-8169-E223914E1FEB} = {353CC75F-6C73-4C52-8B45-142D3569C056}
		{2824028E-FD24-4BA5-98F4-EC73B943289A} = {353CC75F-6C73-4C52-8B45-142D3569C056}
		{5FF6D8CA-734A-42D6-AF51-0D03789DABCE} = {353CC75F-6C73-4C52-8B45-142D3569C056}
		{6B06A54A-E64A-4698-9BAD-94B4A82C1CFC} = {353CC75F-6C73-4C52-8B45-142D3569C056}
		{5F9D0834-72E3-417D-856A-D0AC33D4737A} = {353CC75F-6C73-4C52-8B45-142D3569C056}
		{D6B3BBCD-F921-4D3B-8719-7734AAFBF5F5} = {353CC75F-6C73-4C52-8B45-142D3569C056}
		{506755B2-C383-43B7-8FE2-22DFE54CC9C5} = {353CC75F-6C73-4C52-8B45-142D3569C056}
		{2D4E4A24-8742-4E73-AEC7-C097CEB67D8B} = {353CC75F-6C73-4C52-8B45-142D3569C056}
		{AF0EDCA3-8C66-49AE-88EB-3BCBA8364453} = {353CC75F-6C73-4C52-8B45-142D3569C056}
		{33AD5BC5-161A-483A-8082-1A10283FA4A4} = {353CC75F-6C73-4C52-8B45-142D3569C056}
		{B8C25E52-C080-4FE7-BD6F-7689483DC6DF} = {353CC75F-6C73-4C52-8B45-142D3569C056}
		{CFF1F870-51AC-4D01-A36F-A87CA191C97E} = {353CC75F-6C73-4C52-8B45-142D3569C056}
		{9463716C-DC47-4740-BB6F-B5A6DAB5E93F} = {353CC75F-6C73-4C52-8B45-142D3569C056}
		{EBA18EAA-3DE8-49AB-8714-75DA369ED038} = {353CC75F-6C73-4C52-8B45-142D3569C056}
		{B9B85C6C-F56A-4937-A32B-24A935C598C9} = {353CC75F-6C73-4C52-8B45-142D3569C056}
		{1A5BE1E3-2E23-4D24-A97E-9E864574B700} = {353CC75F-6C73-4C52-8B45-142D3569C056}
		{8DC3044E-6393-4EC4-8417-9C72A3AAAA1D} = {353CC75F-6C73-4C52-8B45-142D3569C056}
		{F32193E2-3FC4-4319-8D90-14110182B285} = {353CC75F-6C73-4C52-8B45-142D3569C056}
		{E1F27445-0708-4BAE-AB9F-FD871787AFC8} = {353CC75F-6C73-4C52-8B45-142D3569C056}
		{ADA06298-CC28-49FF-B98E-20663EAFC14C} = {353CC75F-6C73-4C52-8B45-142D3569C056}
		{2184B37E-3CF1-4E3B-B42B-71A3EB0497A8} = {353CC75F-6C73-4C52-8B45-142D3569C056}
		{72DDB4AE-1066-4AE3-9581-B349420E1883} = {353CC75F-6C73-4C52-8B45-142D3569C056}
		{CB000FBA-53B3-4D80-8CA7-754405454778} = {353CC75F-6C73-4C52-8B45-142D3569C056}
		{D3995898-6EB0-4521-A08B-6CE53AFFFD80} = {353CC75F-6C73-4C52-8B45-142D3569C056}
		{E786DBFB-4D51-4047-855E-0E96FF147F0C} = {353CC75F-6C73-4C52-8B45-142D3569C056}
		{0464CC7F-D2A8-44DC-A9DE-9C71059B7C19} = {506755B2-C383-43B7-8FE2-22DFE54CC9C5}
		{F2C98769-791A-4365-B2C4-4795C40331CB} = {506755B2-C383-43B7-8FE2-22DFE54CC9C5}
		{44CB5113-124A-442B-853D-4458FD28044B} = {506755B2-C383-43B7-8FE2-22DFE54CC9C5}
		{FD4D3BC6-963D-48DF-8442-B80E67FDEF90} = {2D4E4A24-8742-4E73-AEC7-C097CEB67D8B}
		{4F4F2005-D804-46B3-8FEB-FB11F16C8DA9} = {2D4E4A24-8742-4E73-AEC7-C097CEB67D8B}
		{8CBBFB97-FC8C-4E6C-A842-D97B2F985886} = {2D4E4A24-8742-4E73-AEC7-C097CEB67D8B}
		{C8B82F49-E743-4CF5-AD42-48002F8052C9} = {2D4E4A24-8742-4E73-AEC7-C097CEB67D8B}
		{A2102521-9032-4060-A807-69EF2D2E5F40} = {AF0EDCA3-8C66-49AE-88EB-3BCBA8364453}
		{F12C1FAC-7A61-4673-839D-B410EDEDF29A} = {AF0EDCA3-8C66-49AE-88EB-3BCBA8364453}
		{6903DA44-5963-4BC5-8AC9-43D9DCF74368} = {33AD5BC5-161A-483A-8082-1A10283FA4A4}
		{508C5479-0AC0-4745-AA00-28DED2D88D5C} = {8DC3044E-6393-4EC4-8417-9C72A3AAAA1D}
		{56716AE8-C810-4124-9FB1-CD80E234968A} = {F32193E2-3FC4-4319-8D90-14110182B285}
		{79531EAC-B55B-4D86-A39F-9046B903A07C} = {9B959A94-4709-48DA-A752-73669BF3DAF3}
		{183313F4-D67C-47BD-BD6D-90F14075AABD} = {72DDB4AE-1066-4AE3-9581-B349420E1883}
	EndGlobalSection
EndGlobal
