
Microsoft Visual Studio Solution File, Format Version 12.00
# Visual Studio 2012
Project("{FAE04EC0-301F-11D3-BF4B-00C04F79EFBC}") = "TypeSystemExplorer", "TypeSystemExplorer\TypeSystemExplorer.csproj", "{69DAEAB3-21CE-4B17-92C8-1D62F6F589EC}"
EndProject
Project("{FAE04EC0-301F-11D3-BF4B-00C04F79EFBC}") = "Clifton.SemanticTypeSystem", "Clifton.SemanticTypeSystem\Clifton.SemanticTypeSystem.csproj", "{90A2EFB2-3EA4-4FEB-A21E-4AE15B3EC82B}"
EndProject
Project("{FAE04EC0-301F-11D3-BF4B-00C04F79EFBC}") = "Clifton.DockableWindows", "Clifton.DockableWindows\Clifton.DockableWindows.csproj", "{1E6042D4-EB42-4096-A853-ACD2B30D55D7}"
EndProject
Project("{FAE04EC0-301F-11D3-BF4B-00C04F79EFBC}") = "WinFormsUI", "Clifton.DockableWindows\WinFormsUI\WinFormsUI.csproj", "{C75532C4-765B-418E-B09B-46D36B2ABDB1}"
EndProject
Project("{FAE04EC0-301F-11D3-BF4B-00C04F79EFBC}") = "lib", "lib\lib.csproj", "{D1627A50-1C2B-4E28-AC6C-AB437B0138B4}"
EndProject
Project("{FAE04EC0-301F-11D3-BF4B-00C04F79EFBC}") = "Clifton.SemanticTypeSystem.Interfaces", "Clifton.SemanticTypeSystem.Interfaces\Clifton.SemanticTypeSystem.Interfaces.csproj", "{1FB6A5D3-6CDA-4262-A40C-D4724BA5E2E1}"
EndProject
Project("{FAE04EC0-301F-11D3-BF4B-00C04F79EFBC}") = "Clifton.Receptor", "Clifton.Receptor\Clifton.Receptor.csproj", "{4FB0E76A-8D46-402E-818C-0E1B70376BDF}"
EndProject
Project("{FAE04EC0-301F-11D3-BF4B-00C04F79EFBC}") = "Clifton.Receptor.Interfaces", "Clifton.Receptor.Interfaces\Clifton.Receptor.Interfaces.csproj", "{6873FE54-25CA-4C2F-BF91-FC10993F8F50}"
EndProject
Project("{2150E333-8FDC-42A3-9474-1A3956D46DE8}") = "Receptors", "Receptors", "{353CC75F-6C73-4C52-8B45-142D3569C056}"
EndProject
Project("{FAE04EC0-301F-11D3-BF4B-00C04F79EFBC}") = "HelloWorldReceptor", "Receptors\HelloWorldReceptor\HelloWorldReceptor.csproj", "{B29B5257-F26E-4123-AEB8-7CB377E63900}"
EndProject
Project("{FAE04EC0-301F-11D3-BF4B-00C04F79EFBC}") = "LoggingReceptor", "Receptors\LoggingReceptor\LoggingReceptor.csproj", "{BFD74555-211A-4E90-8C12-08EEDAD921F1}"
EndProject
Project("{FAE04EC0-301F-11D3-BF4B-00C04F79EFBC}") = "ThumbnailCreatorReceptor", "Receptors\ThumbnailCreatorReceptor\ThumbnailCreatorReceptor.csproj", "{8B07E0F6-93F5-42B3-B7CF-A8C80CD52FE3}"
EndProject
Project("{FAE04EC0-301F-11D3-BF4B-00C04F79EFBC}") = "ThumbnailViewerReceptor", "Receptors\ThumbnailViewerReceptor\ThumbnailViewerReceptor.csproj", "{3EBDDDB8-741E-4A6A-83BC-8483A491EC55}"
EndProject
Project("{FAE04EC0-301F-11D3-BF4B-00C04F79EFBC}") = "ImageWriterReceptor", "Receptors\ImageWriterReceptor\ImageWriterReceptor.csproj", "{3A6234CE-482F-4E08-A5ED-7BDC0884222F}"
EndProject
Project("{FAE04EC0-301F-11D3-BF4B-00C04F79EFBC}") = "ZipCodeReceptor", "Receptors\ZipCodeReceptor\ZipCodeReceptor.csproj", "{C8F6BB36-59BC-429F-934E-22CC587FA15D}"
EndProject
Project("{FAE04EC0-301F-11D3-BF4B-00C04F79EFBC}") = "ZipCodeService", "ZipCodeService\ZipCodeService.csproj", "{230F2728-8A06-4D69-B2F4-4BE58C1939B8}"
EndProject
Project("{FAE04EC0-301F-11D3-BF4B-00C04F79EFBC}") = "WeatherService", "WeatherService\WeatherService.csproj", "{56D7E4D2-E6FA-4716-A9C6-F141BF8AF50E}"
EndProject
Project("{FAE04EC0-301F-11D3-BF4B-00C04F79EFBC}") = "WeatherServiceReceptor", "Receptors\WeatherServiceReceptor\WeatherServiceReceptor.csproj", "{0FF77BEF-9178-4490-9214-505DB6CC943A}"
EndProject
Project("{FAE04EC0-301F-11D3-BF4B-00C04F79EFBC}") = "CarrierExporterReceptor", "Receptors\CarrierExporterReceptor\CarrierExporterReceptor.csproj", "{A0349336-188C-40D5-9F48-26F9B7692CCB}"
EndProject
Project("{FAE04EC0-301F-11D3-BF4B-00C04F79EFBC}") = "TextToSpeechReceptor", "Receptors\TextToSpeechReceptor\TextToSpeechReceptor.csproj", "{500AFC49-CADF-443E-8021-D4AD1C9CFD27}"
EndProject
Project("{FAE04EC0-301F-11D3-BF4B-00C04F79EFBC}") = "WeatherInfoReceptor", "Receptors\WeatherInfoReceptor\WeatherInfoReceptor.csproj", "{20329151-4088-4B94-BCFE-373A3221A0ED}"
EndProject
Project("{FAE04EC0-301F-11D3-BF4B-00C04F79EFBC}") = "gmail test", "gmail test\gmail test.csproj", "{DC891CFE-896C-42CC-A8E3-9867AA764341}"
EndProject
Project("{FAE04EC0-301F-11D3-BF4B-00C04F79EFBC}") = "TimerReceptor", "Receptors\TimerReceptor\TimerReceptor.csproj", "{307AFC44-3F64-407C-B7BB-1375894D4185}"
EndProject
Project("{FAE04EC0-301F-11D3-BF4B-00C04F79EFBC}") = "PersistenceReceptor", "Receptors\PersistenceReceptor\PersistenceReceptor.csproj", "{7B667EDC-50A3-4B70-8638-9223D73FA19D}"
EndProject
Project("{FAE04EC0-301F-11D3-BF4B-00C04F79EFBC}") = "APODScraperReceptor", "Receptors\APODScraperReceptor\APODScraperReceptor.csproj", "{DA661AD0-9E17-44A4-AD12-0AF92B413B8F}"
EndProject
Project("{FAE04EC0-301F-11D3-BF4B-00C04F79EFBC}") = "WebPageScraperReceptor", "Receptors\WebPageScraperReceptor\WebPageScraperReceptor.csproj", "{CFDB7A31-7A71-41ED-8169-E223914E1FEB}"
EndProject
Project("{FAE04EC0-301F-11D3-BF4B-00C04F79EFBC}") = "APODEventGeneratorReceptor", "Receptors\APODEventGeneratorReceptor\APODEventGeneratorReceptor.csproj", "{2824028E-FD24-4BA5-98F4-EC73B943289A}"
EndProject
Global
	GlobalSection(SolutionConfigurationPlatforms) = preSolution
		Debug|Any CPU = Debug|Any CPU
		Debug|x86 = Debug|x86
		Release|Any CPU = Release|Any CPU
		Release|x86 = Release|x86
	EndGlobalSection
	GlobalSection(ProjectConfigurationPlatforms) = postSolution
		{69DAEAB3-21CE-4B17-92C8-1D62F6F589EC}.Debug|Any CPU.ActiveCfg = Debug|Any CPU
		{69DAEAB3-21CE-4B17-92C8-1D62F6F589EC}.Debug|Any CPU.Build.0 = Debug|Any CPU
		{69DAEAB3-21CE-4B17-92C8-1D62F6F589EC}.Debug|x86.ActiveCfg = Debug|Any CPU
		{69DAEAB3-21CE-4B17-92C8-1D62F6F589EC}.Release|Any CPU.ActiveCfg = Release|Any CPU
		{69DAEAB3-21CE-4B17-92C8-1D62F6F589EC}.Release|Any CPU.Build.0 = Release|Any CPU
		{69DAEAB3-21CE-4B17-92C8-1D62F6F589EC}.Release|x86.ActiveCfg = Release|Any CPU
		{90A2EFB2-3EA4-4FEB-A21E-4AE15B3EC82B}.Debug|Any CPU.ActiveCfg = Debug|Any CPU
		{90A2EFB2-3EA4-4FEB-A21E-4AE15B3EC82B}.Debug|Any CPU.Build.0 = Debug|Any CPU
		{90A2EFB2-3EA4-4FEB-A21E-4AE15B3EC82B}.Debug|x86.ActiveCfg = Debug|Any CPU
		{90A2EFB2-3EA4-4FEB-A21E-4AE15B3EC82B}.Release|Any CPU.ActiveCfg = Release|Any CPU
		{90A2EFB2-3EA4-4FEB-A21E-4AE15B3EC82B}.Release|Any CPU.Build.0 = Release|Any CPU
		{90A2EFB2-3EA4-4FEB-A21E-4AE15B3EC82B}.Release|x86.ActiveCfg = Release|Any CPU
		{1E6042D4-EB42-4096-A853-ACD2B30D55D7}.Debug|Any CPU.ActiveCfg = Debug|Any CPU
		{1E6042D4-EB42-4096-A853-ACD2B30D55D7}.Debug|Any CPU.Build.0 = Debug|Any CPU
		{1E6042D4-EB42-4096-A853-ACD2B30D55D7}.Debug|x86.ActiveCfg = Debug|Any CPU
		{1E6042D4-EB42-4096-A853-ACD2B30D55D7}.Release|Any CPU.ActiveCfg = Release|Any CPU
		{1E6042D4-EB42-4096-A853-ACD2B30D55D7}.Release|Any CPU.Build.0 = Release|Any CPU
		{1E6042D4-EB42-4096-A853-ACD2B30D55D7}.Release|x86.ActiveCfg = Release|Any CPU
		{C75532C4-765B-418E-B09B-46D36B2ABDB1}.Debug|Any CPU.ActiveCfg = Debug|Any CPU
		{C75532C4-765B-418E-B09B-46D36B2ABDB1}.Debug|Any CPU.Build.0 = Debug|Any CPU
		{C75532C4-765B-418E-B09B-46D36B2ABDB1}.Debug|x86.ActiveCfg = Debug|x86
		{C75532C4-765B-418E-B09B-46D36B2ABDB1}.Debug|x86.Build.0 = Debug|x86
		{C75532C4-765B-418E-B09B-46D36B2ABDB1}.Release|Any CPU.ActiveCfg = Release|Any CPU
		{C75532C4-765B-418E-B09B-46D36B2ABDB1}.Release|Any CPU.Build.0 = Release|Any CPU
		{C75532C4-765B-418E-B09B-46D36B2ABDB1}.Release|x86.ActiveCfg = Release|x86
		{C75532C4-765B-418E-B09B-46D36B2ABDB1}.Release|x86.Build.0 = Release|x86
		{D1627A50-1C2B-4E28-AC6C-AB437B0138B4}.Debug|Any CPU.ActiveCfg = Debug|Any CPU
		{D1627A50-1C2B-4E28-AC6C-AB437B0138B4}.Debug|Any CPU.Build.0 = Debug|Any CPU
		{D1627A50-1C2B-4E28-AC6C-AB437B0138B4}.Debug|x86.ActiveCfg = Debug|Any CPU
		{D1627A50-1C2B-4E28-AC6C-AB437B0138B4}.Release|Any CPU.ActiveCfg = Release|Any CPU
		{D1627A50-1C2B-4E28-AC6C-AB437B0138B4}.Release|Any CPU.Build.0 = Release|Any CPU
		{D1627A50-1C2B-4E28-AC6C-AB437B0138B4}.Release|x86.ActiveCfg = Release|Any CPU
		{1FB6A5D3-6CDA-4262-A40C-D4724BA5E2E1}.Debug|Any CPU.ActiveCfg = Debug|Any CPU
		{1FB6A5D3-6CDA-4262-A40C-D4724BA5E2E1}.Debug|Any CPU.Build.0 = Debug|Any CPU
		{1FB6A5D3-6CDA-4262-A40C-D4724BA5E2E1}.Debug|x86.ActiveCfg = Debug|Any CPU
		{1FB6A5D3-6CDA-4262-A40C-D4724BA5E2E1}.Release|Any CPU.ActiveCfg = Release|Any CPU
		{1FB6A5D3-6CDA-4262-A40C-D4724BA5E2E1}.Release|Any CPU.Build.0 = Release|Any CPU
		{1FB6A5D3-6CDA-4262-A40C-D4724BA5E2E1}.Release|x86.ActiveCfg = Release|Any CPU
		{4FB0E76A-8D46-402E-818C-0E1B70376BDF}.Debug|Any CPU.ActiveCfg = Debug|Any CPU
		{4FB0E76A-8D46-402E-818C-0E1B70376BDF}.Debug|Any CPU.Build.0 = Debug|Any CPU
		{4FB0E76A-8D46-402E-818C-0E1B70376BDF}.Debug|x86.ActiveCfg = Debug|Any CPU
		{4FB0E76A-8D46-402E-818C-0E1B70376BDF}.Release|Any CPU.ActiveCfg = Release|Any CPU
		{4FB0E76A-8D46-402E-818C-0E1B70376BDF}.Release|Any CPU.Build.0 = Release|Any CPU
		{4FB0E76A-8D46-402E-818C-0E1B70376BDF}.Release|x86.ActiveCfg = Release|Any CPU
		{6873FE54-25CA-4C2F-BF91-FC10993F8F50}.Debug|Any CPU.ActiveCfg = Debug|Any CPU
		{6873FE54-25CA-4C2F-BF91-FC10993F8F50}.Debug|Any CPU.Build.0 = Debug|Any CPU
		{6873FE54-25CA-4C2F-BF91-FC10993F8F50}.Debug|x86.ActiveCfg = Debug|Any CPU
		{6873FE54-25CA-4C2F-BF91-FC10993F8F50}.Release|Any CPU.ActiveCfg = Release|Any CPU
		{6873FE54-25CA-4C2F-BF91-FC10993F8F50}.Release|Any CPU.Build.0 = Release|Any CPU
		{6873FE54-25CA-4C2F-BF91-FC10993F8F50}.Release|x86.ActiveCfg = Release|Any CPU
		{B29B5257-F26E-4123-AEB8-7CB377E63900}.Debug|Any CPU.ActiveCfg = Debug|Any CPU
		{B29B5257-F26E-4123-AEB8-7CB377E63900}.Debug|Any CPU.Build.0 = Debug|Any CPU
		{B29B5257-F26E-4123-AEB8-7CB377E63900}.Debug|x86.ActiveCfg = Debug|Any CPU
		{B29B5257-F26E-4123-AEB8-7CB377E63900}.Release|Any CPU.ActiveCfg = Release|Any CPU
		{B29B5257-F26E-4123-AEB8-7CB377E63900}.Release|Any CPU.Build.0 = Release|Any CPU
		{B29B5257-F26E-4123-AEB8-7CB377E63900}.Release|x86.ActiveCfg = Release|Any CPU
		{BFD74555-211A-4E90-8C12-08EEDAD921F1}.Debug|Any CPU.ActiveCfg = Debug|Any CPU
		{BFD74555-211A-4E90-8C12-08EEDAD921F1}.Debug|Any CPU.Build.0 = Debug|Any CPU
		{BFD74555-211A-4E90-8C12-08EEDAD921F1}.Debug|x86.ActiveCfg = Debug|Any CPU
		{BFD74555-211A-4E90-8C12-08EEDAD921F1}.Release|Any CPU.ActiveCfg = Release|Any CPU
		{BFD74555-211A-4E90-8C12-08EEDAD921F1}.Release|Any CPU.Build.0 = Release|Any CPU
		{BFD74555-211A-4E90-8C12-08EEDAD921F1}.Release|x86.ActiveCfg = Release|Any CPU
		{8B07E0F6-93F5-42B3-B7CF-A8C80CD52FE3}.Debug|Any CPU.ActiveCfg = Debug|Any CPU
		{8B07E0F6-93F5-42B3-B7CF-A8C80CD52FE3}.Debug|Any CPU.Build.0 = Debug|Any CPU
		{8B07E0F6-93F5-42B3-B7CF-A8C80CD52FE3}.Debug|x86.ActiveCfg = Debug|Any CPU
		{8B07E0F6-93F5-42B3-B7CF-A8C80CD52FE3}.Release|Any CPU.ActiveCfg = Release|Any CPU
		{8B07E0F6-93F5-42B3-B7CF-A8C80CD52FE3}.Release|Any CPU.Build.0 = Release|Any CPU
		{8B07E0F6-93F5-42B3-B7CF-A8C80CD52FE3}.Release|x86.ActiveCfg = Release|Any CPU
		{3EBDDDB8-741E-4A6A-83BC-8483A491EC55}.Debug|Any CPU.ActiveCfg = Debug|Any CPU
		{3EBDDDB8-741E-4A6A-83BC-8483A491EC55}.Debug|Any CPU.Build.0 = Debug|Any CPU
		{3EBDDDB8-741E-4A6A-83BC-8483A491EC55}.Debug|x86.ActiveCfg = Debug|Any CPU
		{3EBDDDB8-741E-4A6A-83BC-8483A491EC55}.Release|Any CPU.ActiveCfg = Release|Any CPU
		{3EBDDDB8-741E-4A6A-83BC-8483A491EC55}.Release|Any CPU.Build.0 = Release|Any CPU
		{3EBDDDB8-741E-4A6A-83BC-8483A491EC55}.Release|x86.ActiveCfg = Release|Any CPU
		{3A6234CE-482F-4E08-A5ED-7BDC0884222F}.Debug|Any CPU.ActiveCfg = Debug|Any CPU
		{3A6234CE-482F-4E08-A5ED-7BDC0884222F}.Debug|Any CPU.Build.0 = Debug|Any CPU
		{3A6234CE-482F-4E08-A5ED-7BDC0884222F}.Debug|x86.ActiveCfg = Debug|Any CPU
		{3A6234CE-482F-4E08-A5ED-7BDC0884222F}.Release|Any CPU.ActiveCfg = Release|Any CPU
		{3A6234CE-482F-4E08-A5ED-7BDC0884222F}.Release|Any CPU.Build.0 = Release|Any CPU
		{3A6234CE-482F-4E08-A5ED-7BDC0884222F}.Release|x86.ActiveCfg = Release|Any CPU
		{C8F6BB36-59BC-429F-934E-22CC587FA15D}.Debug|Any CPU.ActiveCfg = Debug|Any CPU
		{C8F6BB36-59BC-429F-934E-22CC587FA15D}.Debug|Any CPU.Build.0 = Debug|Any CPU
		{C8F6BB36-59BC-429F-934E-22CC587FA15D}.Debug|x86.ActiveCfg = Debug|Any CPU
		{C8F6BB36-59BC-429F-934E-22CC587FA15D}.Release|Any CPU.ActiveCfg = Release|Any CPU
		{C8F6BB36-59BC-429F-934E-22CC587FA15D}.Release|Any CPU.Build.0 = Release|Any CPU
		{C8F6BB36-59BC-429F-934E-22CC587FA15D}.Release|x86.ActiveCfg = Release|Any CPU
		{230F2728-8A06-4D69-B2F4-4BE58C1939B8}.Debug|Any CPU.ActiveCfg = Debug|Any CPU
		{230F2728-8A06-4D69-B2F4-4BE58C1939B8}.Debug|Any CPU.Build.0 = Debug|Any CPU
		{230F2728-8A06-4D69-B2F4-4BE58C1939B8}.Debug|x86.ActiveCfg = Debug|Any CPU
		{230F2728-8A06-4D69-B2F4-4BE58C1939B8}.Release|Any CPU.ActiveCfg = Release|Any CPU
		{230F2728-8A06-4D69-B2F4-4BE58C1939B8}.Release|Any CPU.Build.0 = Release|Any CPU
		{230F2728-8A06-4D69-B2F4-4BE58C1939B8}.Release|x86.ActiveCfg = Release|Any CPU
		{56D7E4D2-E6FA-4716-A9C6-F141BF8AF50E}.Debug|Any CPU.ActiveCfg = Debug|Any CPU
		{56D7E4D2-E6FA-4716-A9C6-F141BF8AF50E}.Debug|Any CPU.Build.0 = Debug|Any CPU
		{56D7E4D2-E6FA-4716-A9C6-F141BF8AF50E}.Debug|x86.ActiveCfg = Debug|Any CPU
		{56D7E4D2-E6FA-4716-A9C6-F141BF8AF50E}.Release|Any CPU.ActiveCfg = Release|Any CPU
		{56D7E4D2-E6FA-4716-A9C6-F141BF8AF50E}.Release|Any CPU.Build.0 = Release|Any CPU
		{56D7E4D2-E6FA-4716-A9C6-F141BF8AF50E}.Release|x86.ActiveCfg = Release|Any CPU
		{0FF77BEF-9178-4490-9214-505DB6CC943A}.Debug|Any CPU.ActiveCfg = Debug|Any CPU
		{0FF77BEF-9178-4490-9214-505DB6CC943A}.Debug|Any CPU.Build.0 = Debug|Any CPU
		{0FF77BEF-9178-4490-9214-505DB6CC943A}.Debug|x86.ActiveCfg = Debug|Any CPU
		{0FF77BEF-9178-4490-9214-505DB6CC943A}.Release|Any CPU.ActiveCfg = Release|Any CPU
		{0FF77BEF-9178-4490-9214-505DB6CC943A}.Release|Any CPU.Build.0 = Release|Any CPU
		{0FF77BEF-9178-4490-9214-505DB6CC943A}.Release|x86.ActiveCfg = Release|Any CPU
		{A0349336-188C-40D5-9F48-26F9B7692CCB}.Debug|Any CPU.ActiveCfg = Debug|Any CPU
		{A0349336-188C-40D5-9F48-26F9B7692CCB}.Debug|Any CPU.Build.0 = Debug|Any CPU
		{A0349336-188C-40D5-9F48-26F9B7692CCB}.Debug|x86.ActiveCfg = Debug|Any CPU
		{A0349336-188C-40D5-9F48-26F9B7692CCB}.Release|Any CPU.ActiveCfg = Release|Any CPU
		{A0349336-188C-40D5-9F48-26F9B7692CCB}.Release|Any CPU.Build.0 = Release|Any CPU
		{A0349336-188C-40D5-9F48-26F9B7692CCB}.Release|x86.ActiveCfg = Release|Any CPU
		{500AFC49-CADF-443E-8021-D4AD1C9CFD27}.Debug|Any CPU.ActiveCfg = Debug|Any CPU
		{500AFC49-CADF-443E-8021-D4AD1C9CFD27}.Debug|Any CPU.Build.0 = Debug|Any CPU
		{500AFC49-CADF-443E-8021-D4AD1C9CFD27}.Debug|x86.ActiveCfg = Debug|Any CPU
		{500AFC49-CADF-443E-8021-D4AD1C9CFD27}.Release|Any CPU.ActiveCfg = Release|Any CPU
		{500AFC49-CADF-443E-8021-D4AD1C9CFD27}.Release|Any CPU.Build.0 = Release|Any CPU
		{500AFC49-CADF-443E-8021-D4AD1C9CFD27}.Release|x86.ActiveCfg = Release|Any CPU
		{20329151-4088-4B94-BCFE-373A3221A0ED}.Debug|Any CPU.ActiveCfg = Debug|Any CPU
		{20329151-4088-4B94-BCFE-373A3221A0ED}.Debug|Any CPU.Build.0 = Debug|Any CPU
		{20329151-4088-4B94-BCFE-373A3221A0ED}.Debug|x86.ActiveCfg = Debug|Any CPU
		{20329151-4088-4B94-BCFE-373A3221A0ED}.Release|Any CPU.ActiveCfg = Release|Any CPU
		{20329151-4088-4B94-BCFE-373A3221A0ED}.Release|Any CPU.Build.0 = Release|Any CPU
		{20329151-4088-4B94-BCFE-373A3221A0ED}.Release|x86.ActiveCfg = Release|Any CPU
		{DC891CFE-896C-42CC-A8E3-9867AA764341}.Debug|Any CPU.ActiveCfg = Debug|Any CPU
		{DC891CFE-896C-42CC-A8E3-9867AA764341}.Debug|Any CPU.Build.0 = Debug|Any CPU
		{DC891CFE-896C-42CC-A8E3-9867AA764341}.Debug|x86.ActiveCfg = Debug|Any CPU
		{DC891CFE-896C-42CC-A8E3-9867AA764341}.Release|Any CPU.ActiveCfg = Release|Any CPU
		{DC891CFE-896C-42CC-A8E3-9867AA764341}.Release|Any CPU.Build.0 = Release|Any CPU
		{DC891CFE-896C-42CC-A8E3-9867AA764341}.Release|x86.ActiveCfg = Release|Any CPU
		{307AFC44-3F64-407C-B7BB-1375894D4185}.Debug|Any CPU.ActiveCfg = Debug|Any CPU
		{307AFC44-3F64-407C-B7BB-1375894D4185}.Debug|Any CPU.Build.0 = Debug|Any CPU
		{307AFC44-3F64-407C-B7BB-1375894D4185}.Debug|x86.ActiveCfg = Debug|Any CPU
		{307AFC44-3F64-407C-B7BB-1375894D4185}.Release|Any CPU.ActiveCfg = Release|Any CPU
		{307AFC44-3F64-407C-B7BB-1375894D4185}.Release|Any CPU.Build.0 = Release|Any CPU
		{307AFC44-3F64-407C-B7BB-1375894D4185}.Release|x86.ActiveCfg = Release|Any CPU
		{7B667EDC-50A3-4B70-8638-9223D73FA19D}.Debug|Any CPU.ActiveCfg = Debug|Any CPU
		{7B667EDC-50A3-4B70-8638-9223D73FA19D}.Debug|Any CPU.Build.0 = Debug|Any CPU
		{7B667EDC-50A3-4B70-8638-9223D73FA19D}.Debug|x86.ActiveCfg = Debug|Any CPU
		{7B667EDC-50A3-4B70-8638-9223D73FA19D}.Release|Any CPU.ActiveCfg = Release|Any CPU
		{7B667EDC-50A3-4B70-8638-9223D73FA19D}.Release|Any CPU.Build.0 = Release|Any CPU
		{7B667EDC-50A3-4B70-8638-9223D73FA19D}.Release|x86.ActiveCfg = Release|Any CPU
		{DA661AD0-9E17-44A4-AD12-0AF92B413B8F}.Debug|Any CPU.ActiveCfg = Debug|Any CPU
		{DA661AD0-9E17-44A4-AD12-0AF92B413B8F}.Debug|Any CPU.Build.0 = Debug|Any CPU
		{DA661AD0-9E17-44A4-AD12-0AF92B413B8F}.Debug|x86.ActiveCfg = Debug|Any CPU
		{DA661AD0-9E17-44A4-AD12-0AF92B413B8F}.Release|Any CPU.ActiveCfg = Release|Any CPU
		{DA661AD0-9E17-44A4-AD12-0AF92B413B8F}.Release|Any CPU.Build.0 = Release|Any CPU
		{DA661AD0-9E17-44A4-AD12-0AF92B413B8F}.Release|x86.ActiveCfg = Release|Any CPU
		{CFDB7A31-7A71-41ED-8169-E223914E1FEB}.Debug|Any CPU.ActiveCfg = Debug|Any CPU
		{CFDB7A31-7A71-41ED-8169-E223914E1FEB}.Debug|Any CPU.Build.0 = Debug|Any CPU
		{CFDB7A31-7A71-41ED-8169-E223914E1FEB}.Debug|x86.ActiveCfg = Debug|Any CPU
		{CFDB7A31-7A71-41ED-8169-E223914E1FEB}.Release|Any CPU.ActiveCfg = Release|Any CPU
		{CFDB7A31-7A71-41ED-8169-E223914E1FEB}.Release|Any CPU.Build.0 = Release|Any CPU
		{CFDB7A31-7A71-41ED-8169-E223914E1FEB}.Release|x86.ActiveCfg = Release|Any CPU
		{2824028E-FD24-4BA5-98F4-EC73B943289A}.Debug|Any CPU.ActiveCfg = Debug|Any CPU
		{2824028E-FD24-4BA5-98F4-EC73B943289A}.Debug|Any CPU.Build.0 = Debug|Any CPU
		{2824028E-FD24-4BA5-98F4-EC73B943289A}.Debug|x86.ActiveCfg = Debug|Any CPU
		{2824028E-FD24-4BA5-98F4-EC73B943289A}.Release|Any CPU.ActiveCfg = Release|Any CPU
		{2824028E-FD24-4BA5-98F4-EC73B943289A}.Release|Any CPU.Build.0 = Release|Any CPU
		{2824028E-FD24-4BA5-98F4-EC73B943289A}.Release|x86.ActiveCfg = Release|Any CPU
	EndGlobalSection
	GlobalSection(SolutionProperties) = preSolution
		HideSolutionNode = FALSE
	EndGlobalSection
	GlobalSection(NestedProjects) = preSolution
		{B29B5257-F26E-4123-AEB8-7CB377E63900} = {353CC75F-6C73-4C52-8B45-142D3569C056}
		{BFD74555-211A-4E90-8C12-08EEDAD921F1} = {353CC75F-6C73-4C52-8B45-142D3569C056}
		{8B07E0F6-93F5-42B3-B7CF-A8C80CD52FE3} = {353CC75F-6C73-4C52-8B45-142D3569C056}
		{3EBDDDB8-741E-4A6A-83BC-8483A491EC55} = {353CC75F-6C73-4C52-8B45-142D3569C056}
		{3A6234CE-482F-4E08-A5ED-7BDC0884222F} = {353CC75F-6C73-4C52-8B45-142D3569C056}
		{C8F6BB36-59BC-429F-934E-22CC587FA15D} = {353CC75F-6C73-4C52-8B45-142D3569C056}
		{0FF77BEF-9178-4490-9214-505DB6CC943A} = {353CC75F-6C73-4C52-8B45-142D3569C056}
		{A0349336-188C-40D5-9F48-26F9B7692CCB} = {353CC75F-6C73-4C52-8B45-142D3569C056}
		{500AFC49-CADF-443E-8021-D4AD1C9CFD27} = {353CC75F-6C73-4C52-8B45-142D3569C056}
		{20329151-4088-4B94-BCFE-373A3221A0ED} = {353CC75F-6C73-4C52-8B45-142D3569C056}
		{307AFC44-3F64-407C-B7BB-1375894D4185} = {353CC75F-6C73-4C52-8B45-142D3569C056}
		{7B667EDC-50A3-4B70-8638-9223D73FA19D} = {353CC75F-6C73-4C52-8B45-142D3569C056}
		{DA661AD0-9E17-44A4-AD12-0AF92B413B8F} = {353CC75F-6C73-4C52-8B45-142D3569C056}
		{CFDB7A31-7A71-41ED-8169-E223914E1FEB} = {353CC75F-6C73-4C52-8B45-142D3569C056}
		{2824028E-FD24-4BA5-98F4-EC73B943289A} = {353CC75F-6C73-4C52-8B45-142D3569C056}
	EndGlobalSection
EndGlobal
